// !$*UTF8*$!
{
	archiveVersion = 1;
	classes = {
	};
	objectVersion = 52;
	objects = {

/* Begin PBXBuildFile section */
		4C0D3E2F2619808800621B81 /* AlamofireImage in Frameworks */ = {isa = PBXBuildFile; productRef = 4C0D3E2E2619808800621B81 /* AlamofireImage */; };
		4C17A46B25BDE2E8006D45E0 /* AppDelegate.swift in Sources */ = {isa = PBXBuildFile; fileRef = 4C17A46A25BDE2E8006D45E0 /* AppDelegate.swift */; };
		4C17A46D25BDE2E8006D45E0 /* SceneDelegate.swift in Sources */ = {isa = PBXBuildFile; fileRef = 4C17A46C25BDE2E8006D45E0 /* SceneDelegate.swift */; };
		4C17A46F25BDE2E8006D45E0 /* LoginViewController.swift in Sources */ = {isa = PBXBuildFile; fileRef = 4C17A46E25BDE2E8006D45E0 /* LoginViewController.swift */; };
		4C17A47225BDE2E8006D45E0 /* Main.storyboard in Resources */ = {isa = PBXBuildFile; fileRef = 4C17A47025BDE2E8006D45E0 /* Main.storyboard */; };
		4C17A47725BDE2E9006D45E0 /* LaunchScreen.storyboard in Resources */ = {isa = PBXBuildFile; fileRef = 4C17A47525BDE2E9006D45E0 /* LaunchScreen.storyboard */; };
		4C1827152670103900C186AF /* NewsFeedGroup.swift in Sources */ = {isa = PBXBuildFile; fileRef = 4C1827142670103900C186AF /* NewsFeedGroup.swift */; };
		4C39507C2650E887005CC644 /* KeychainService.swift in Sources */ = {isa = PBXBuildFile; fileRef = 4C39507B2650E887005CC644 /* KeychainService.swift */; };
		4C41C23226156C860020FEE4 /* FriendTableViewProtocol.swift in Sources */ = {isa = PBXBuildFile; fileRef = 4C41C23126156C860020FEE4 /* FriendTableViewProtocol.swift */; };
		4C462039266036E200FC031E /* CacheManager.swift in Sources */ = {isa = PBXBuildFile; fileRef = 4C462038266036E200FC031E /* CacheManager.swift */; };
		4C4AA78B261589C3005EFA89 /* Photo.swift in Sources */ = {isa = PBXBuildFile; fileRef = 4C4AA78A261589C3005EFA89 /* Photo.swift */; };
		4C4DC69726586C42000C57F3 /* NewsFeedPhotoPost.swift in Sources */ = {isa = PBXBuildFile; fileRef = 4C4DC69626586C42000C57F3 /* NewsFeedPhotoPost.swift */; };
		4C4DC69926597B99000C57F3 /* NewsFeedProfile.swift in Sources */ = {isa = PBXBuildFile; fileRef = 4C4DC69826597B99000C57F3 /* NewsFeedProfile.swift */; };
		4C4DC69B265980F1000C57F3 /* TextPostStruct.swift in Sources */ = {isa = PBXBuildFile; fileRef = 4C4DC69A265980F1000C57F3 /* TextPostStruct.swift */; };
		4C4DC69F265AD2A6000C57F3 /* NewsFeedPictureTableViewCell.swift in Sources */ = {isa = PBXBuildFile; fileRef = 4C4DC69E265AD2A6000C57F3 /* NewsFeedPictureTableViewCell.swift */; };
		4C542A0425C60C3400CC8A4F /* FriendsTableViewController.swift in Sources */ = {isa = PBXBuildFile; fileRef = 4C542A0325C60C3400CC8A4F /* FriendsTableViewController.swift */; };
		4C542A0725C60F3400CC8A4F /* GroupsTableViewController.swift in Sources */ = {isa = PBXBuildFile; fileRef = 4C542A0625C60F3400CC8A4F /* GroupsTableViewController.swift */; };
		4C542A2325C64C6E00CC8A4F /* FriendTableViewCell.swift in Sources */ = {isa = PBXBuildFile; fileRef = 4C542A2125C64C6E00CC8A4F /* FriendTableViewCell.swift */; };
		4C542A2425C64C6E00CC8A4F /* FriendTableViewCell.xib in Resources */ = {isa = PBXBuildFile; fileRef = 4C542A2225C64C6E00CC8A4F /* FriendTableViewCell.xib */; };
		4C542A2825C65C9200CC8A4F /* FriendPhotoCollectionViewCell.swift in Sources */ = {isa = PBXBuildFile; fileRef = 4C542A2625C65C9200CC8A4F /* FriendPhotoCollectionViewCell.swift */; };
		4C542A2925C65C9200CC8A4F /* FriendPhotoCollectionViewCell.xib in Resources */ = {isa = PBXBuildFile; fileRef = 4C542A2725C65C9200CC8A4F /* FriendPhotoCollectionViewCell.xib */; };
		4C542A2C25C65DFC00CC8A4F /* PhotosCollectionViewController.swift in Sources */ = {isa = PBXBuildFile; fileRef = 4C542A2B25C65DFC00CC8A4F /* PhotosCollectionViewController.swift */; };
		4C542A3025C8A85200CC8A4F /* GroupTableViewCell.swift in Sources */ = {isa = PBXBuildFile; fileRef = 4C542A2E25C8A85200CC8A4F /* GroupTableViewCell.swift */; };
		4C542A3125C8A85200CC8A4F /* GroupTableViewCell.xib in Resources */ = {isa = PBXBuildFile; fileRef = 4C542A2F25C8A85200CC8A4F /* GroupTableViewCell.xib */; };
		4C542A3625C8B42500CC8A4F /* GroupSearchTableViewController.swift in Sources */ = {isa = PBXBuildFile; fileRef = 4C542A3525C8B42500CC8A4F /* GroupSearchTableViewController.swift */; };
		4C542A3A25C8B5B400CC8A4F /* Friend.swift in Sources */ = {isa = PBXBuildFile; fileRef = 4C542A3925C8B5B400CC8A4F /* Friend.swift */; };
		4C542A3E25C8B5BE00CC8A4F /* Group.swift in Sources */ = {isa = PBXBuildFile; fileRef = 4C542A3D25C8B5BE00CC8A4F /* Group.swift */; };
		4C6D36FE2654CB88003499E1 /* VKService.swift in Sources */ = {isa = PBXBuildFile; fileRef = 4C6D36FD2654CB88003499E1 /* VKService.swift */; };
		4C6D37002654CD11003499E1 /* NewsFeedPost.swift in Sources */ = {isa = PBXBuildFile; fileRef = 4C6D36FF2654CD11003499E1 /* NewsFeedPost.swift */; };
		4C6D3711265815C0003499E1 /* NewsHeaderTableViewCell.swift in Sources */ = {isa = PBXBuildFile; fileRef = 4C6D3710265815C0003499E1 /* NewsHeaderTableViewCell.swift */; };
		4C6D371326581619003499E1 /* TextPostTableViewCell.swift in Sources */ = {isa = PBXBuildFile; fileRef = 4C6D371226581619003499E1 /* TextPostTableViewCell.swift */; };
		4C6D371526581654003499E1 /* LikesTableViewCell.swift in Sources */ = {isa = PBXBuildFile; fileRef = 4C6D371426581654003499E1 /* LikesTableViewCell.swift */; };
		4C6F450E25FBF05E009CD6B0 /* GradientVIew.swift in Sources */ = {isa = PBXBuildFile; fileRef = 4C6F450D25FBF05E009CD6B0 /* GradientVIew.swift */; };
		4C708553261BCB1300BB17A5 /* RealmSwift in Frameworks */ = {isa = PBXBuildFile; productRef = 4C708552261BCB1300BB17A5 /* RealmSwift */; };
		4C72453F265AF4F300C47EFD /* DataOperations.swift in Sources */ = {isa = PBXBuildFile; fileRef = 4C72453E265AF4F300C47EFD /* DataOperations.swift */; };
		4C724541265AF5C800C47EFD /* AsyncOperation.swift in Sources */ = {isa = PBXBuildFile; fileRef = 4C724540265AF5C800C47EFD /* AsyncOperation.swift */; };
		4C724544265B159700C47EFD /* Kingfisher in Frameworks */ = {isa = PBXBuildFile; productRef = 4C724543265B159700C47EFD /* Kingfisher */; };
		4C724546265B17DD00C47EFD /* ViewController+KingFisher.swift in Sources */ = {isa = PBXBuildFile; fileRef = 4C724545265B17DD00C47EFD /* ViewController+KingFisher.swift */; };
		4C724548265B1BC400C47EFD /* ObjectProvider.swift in Sources */ = {isa = PBXBuildFile; fileRef = 4C724547265B1BC400C47EFD /* ObjectProvider.swift */; };
		4C7B418025DAB78800894D81 /* DM+UIColor.swift in Sources */ = {isa = PBXBuildFile; fileRef = 4C7B417F25DAB78800894D81 /* DM+UIColor.swift */; };
		4C7B418525DAC5C900894D81 /* UserStubFactory.swift in Sources */ = {isa = PBXBuildFile; fileRef = 4C7B418425DAC5C900894D81 /* UserStubFactory.swift */; };
		4C7B418C25DAE1D600894D81 /* DMSearchBar.swift in Sources */ = {isa = PBXBuildFile; fileRef = 4C7B418B25DAE1D600894D81 /* DMSearchBar.swift */; };
		4C7B419625DC015200894D81 /* GroupStubFactory.swift in Sources */ = {isa = PBXBuildFile; fileRef = 4C7B419525DC015200894D81 /* GroupStubFactory.swift */; };
		4C7B419C25DC070100894D81 /* NewsFeedTableViewController.swift in Sources */ = {isa = PBXBuildFile; fileRef = 4C7B419B25DC070100894D81 /* NewsFeedTableViewController.swift */; };
		4C7B41A525DC43E600894D81 /* Assets.xcassets in Resources */ = {isa = PBXBuildFile; fileRef = 4C7B41A425DC43E600894D81 /* Assets.xcassets */; };
		4C7C089225E2F93D00FEAFAA /* CloudLoadingView.swift in Sources */ = {isa = PBXBuildFile; fileRef = 4C7C089125E2F93D00FEAFAA /* CloudLoadingView.swift */; };
		4C8D4C2A2611752A00497914 /* SwiftyJSON in Frameworks */ = {isa = PBXBuildFile; productRef = 4C8D4C292611752A00497914 /* SwiftyJSON */; };
		4C936DBA25CE15C30035DA46 /* RoundedView.swift in Sources */ = {isa = PBXBuildFile; fileRef = 4C936DB925CE15C30035DA46 /* RoundedView.swift */; };
		4C936DBF25CE37080035DA46 /* LikeCustomView.swift in Sources */ = {isa = PBXBuildFile; fileRef = 4C936DBE25CE37080035DA46 /* LikeCustomView.swift */; };
		4C94332A261289310015C6A3 /* NetworkManager.swift in Sources */ = {isa = PBXBuildFile; fileRef = 4C943329261289310015C6A3 /* NetworkManager.swift */; };
		4C98550B260F15AC00087056 /* GeekBrainsTestProjectUITests.swift in Sources */ = {isa = PBXBuildFile; fileRef = 4C98550A260F15AC00087056 /* GeekBrainsTestProjectUITests.swift */; };
		4CA577A12626388D00446F39 /* DMLoadingView.swift in Sources */ = {isa = PBXBuildFile; fileRef = 4CA577A02626388D00446F39 /* DMLoadingView.swift */; };
		4CA577A726287D2B00446F39 /* RealmManager.swift in Sources */ = {isa = PBXBuildFile; fileRef = 4CA577A626287D2B00446F39 /* RealmManager.swift */; };
		4CA577AB262973C500446F39 /* SearchableGroup.swift in Sources */ = {isa = PBXBuildFile; fileRef = 4CA577AA262973C500446F39 /* SearchableGroup.swift */; };
		4CAB76FB2603FE0000092073 /* Session.swift in Sources */ = {isa = PBXBuildFile; fileRef = 4CAB76FA2603FE0000092073 /* Session.swift */; };
		4CB0AE7425E9B2FB00B5E144 /* CustomInteractiveTransition.swift in Sources */ = {isa = PBXBuildFile; fileRef = 4CB0AE7325E9B2FB00B5E144 /* CustomInteractiveTransition.swift */; };
		4CB1F4482613E293001CA49A /* Alamofire in Frameworks */ = {isa = PBXBuildFile; productRef = 4CB1F4472613E293001CA49A /* Alamofire */; };
		4CC84D3525E6CB8400FD7949 /* MyTransitionPresent.swift in Sources */ = {isa = PBXBuildFile; fileRef = 4CC84D3425E6CB8400FD7949 /* MyTransitionPresent.swift */; };
		4CC84D3A25E6DAE100FD7949 /* MyTransitionDelegate.swift in Sources */ = {isa = PBXBuildFile; fileRef = 4CC84D3925E6DAE100FD7949 /* MyTransitionDelegate.swift */; };
		4CC84D3E25E6DC1C00FD7949 /* MyTransitionDIsmiss.swift in Sources */ = {isa = PBXBuildFile; fileRef = 4CC84D3D25E6DC1C00FD7949 /* MyTransitionDIsmiss.swift */; };
		4CC84D4225E6F92800FD7949 /* MyCustomSegue.swift in Sources */ = {isa = PBXBuildFile; fileRef = 4CC84D4125E6F92800FD7949 /* MyCustomSegue.swift */; };
		4CC84D4725E6FF8300FD7949 /* NavigationTransitionPush.swift in Sources */ = {isa = PBXBuildFile; fileRef = 4CC84D4625E6FF8300FD7949 /* NavigationTransitionPush.swift */; };
		4CC84D4A25E6FF9700FD7949 /* NavigationTransitionPop.swift in Sources */ = {isa = PBXBuildFile; fileRef = 4CC84D4925E6FF9700FD7949 /* NavigationTransitionPop.swift */; };
		4CC84D4D25E6FFAD00FD7949 /* NavigationControllerDelegate.swift in Sources */ = {isa = PBXBuildFile; fileRef = 4CC84D4C25E6FFAD00FD7949 /* NavigationControllerDelegate.swift */; };
		4CCAD5F2260A8F5E00F589E1 /* VKLoginViewController.swift in Sources */ = {isa = PBXBuildFile; fileRef = 4CCAD5F1260A8F5E00F589E1 /* VKLoginViewController.swift */; };
		4CD6DD3E265DA7FD00137F25 /* PromiseKit in Frameworks */ = {isa = PBXBuildFile; productRef = 4CD6DD3D265DA7FD00137F25 /* PromiseKit */; };
/* End PBXBuildFile section */

/* Begin PBXContainerItemProxy section */
		4C98550D260F15AC00087056 /* PBXContainerItemProxy */ = {
			isa = PBXContainerItemProxy;
			containerPortal = 4C17A45F25BDE2E8006D45E0 /* Project object */;
			proxyType = 1;
			remoteGlobalIDString = 4C17A46625BDE2E8006D45E0;
			remoteInfo = GeekBrainsTestProject;
		};
/* End PBXContainerItemProxy section */

/* Begin PBXFileReference section */
		4C17A46725BDE2E8006D45E0 /* GeekBrainsTestProject.app */ = {isa = PBXFileReference; explicitFileType = wrapper.application; includeInIndex = 0; path = GeekBrainsTestProject.app; sourceTree = BUILT_PRODUCTS_DIR; };
		4C17A46A25BDE2E8006D45E0 /* AppDelegate.swift */ = {isa = PBXFileReference; lastKnownFileType = sourcecode.swift; path = AppDelegate.swift; sourceTree = "<group>"; };
		4C17A46C25BDE2E8006D45E0 /* SceneDelegate.swift */ = {isa = PBXFileReference; lastKnownFileType = sourcecode.swift; path = SceneDelegate.swift; sourceTree = "<group>"; };
		4C17A46E25BDE2E8006D45E0 /* LoginViewController.swift */ = {isa = PBXFileReference; lastKnownFileType = sourcecode.swift; path = LoginViewController.swift; sourceTree = "<group>"; };
		4C17A47125BDE2E8006D45E0 /* Base */ = {isa = PBXFileReference; lastKnownFileType = file.storyboard; name = Base; path = Base.lproj/Main.storyboard; sourceTree = "<group>"; };
		4C17A47625BDE2E9006D45E0 /* Base */ = {isa = PBXFileReference; lastKnownFileType = file.storyboard; name = Base; path = Base.lproj/LaunchScreen.storyboard; sourceTree = "<group>"; };
		4C17A47825BDE2E9006D45E0 /* Info.plist */ = {isa = PBXFileReference; lastKnownFileType = text.plist.xml; path = Info.plist; sourceTree = "<group>"; };
		4C1827142670103900C186AF /* NewsFeedGroup.swift */ = {isa = PBXFileReference; lastKnownFileType = sourcecode.swift; path = NewsFeedGroup.swift; sourceTree = "<group>"; };
		4C39507B2650E887005CC644 /* KeychainService.swift */ = {isa = PBXFileReference; lastKnownFileType = sourcecode.swift; path = KeychainService.swift; sourceTree = "<group>"; };
		4C41C23126156C860020FEE4 /* FriendTableViewProtocol.swift */ = {isa = PBXFileReference; lastKnownFileType = sourcecode.swift; path = FriendTableViewProtocol.swift; sourceTree = "<group>"; };
		4C462038266036E200FC031E /* CacheManager.swift */ = {isa = PBXFileReference; lastKnownFileType = sourcecode.swift; path = CacheManager.swift; sourceTree = "<group>"; };
		4C4AA78A261589C3005EFA89 /* Photo.swift */ = {isa = PBXFileReference; lastKnownFileType = sourcecode.swift; path = Photo.swift; sourceTree = "<group>"; };
		4C4DC69626586C42000C57F3 /* NewsFeedPhotoPost.swift */ = {isa = PBXFileReference; fileEncoding = 4; lastKnownFileType = sourcecode.swift; path = NewsFeedPhotoPost.swift; sourceTree = "<group>"; };
		4C4DC69826597B99000C57F3 /* NewsFeedProfile.swift */ = {isa = PBXFileReference; lastKnownFileType = sourcecode.swift; path = NewsFeedProfile.swift; sourceTree = "<group>"; };
		4C4DC69A265980F1000C57F3 /* TextPostStruct.swift */ = {isa = PBXFileReference; lastKnownFileType = sourcecode.swift; path = TextPostStruct.swift; sourceTree = "<group>"; };
		4C4DC69E265AD2A6000C57F3 /* NewsFeedPictureTableViewCell.swift */ = {isa = PBXFileReference; lastKnownFileType = sourcecode.swift; path = NewsFeedPictureTableViewCell.swift; sourceTree = "<group>"; };
		4C542A0325C60C3400CC8A4F /* FriendsTableViewController.swift */ = {isa = PBXFileReference; lastKnownFileType = sourcecode.swift; path = FriendsTableViewController.swift; sourceTree = "<group>"; };
		4C542A0625C60F3400CC8A4F /* GroupsTableViewController.swift */ = {isa = PBXFileReference; lastKnownFileType = sourcecode.swift; path = GroupsTableViewController.swift; sourceTree = "<group>"; };
		4C542A2125C64C6E00CC8A4F /* FriendTableViewCell.swift */ = {isa = PBXFileReference; lastKnownFileType = sourcecode.swift; path = FriendTableViewCell.swift; sourceTree = "<group>"; };
		4C542A2225C64C6E00CC8A4F /* FriendTableViewCell.xib */ = {isa = PBXFileReference; lastKnownFileType = file.xib; path = FriendTableViewCell.xib; sourceTree = "<group>"; };
		4C542A2625C65C9200CC8A4F /* FriendPhotoCollectionViewCell.swift */ = {isa = PBXFileReference; lastKnownFileType = sourcecode.swift; path = FriendPhotoCollectionViewCell.swift; sourceTree = "<group>"; };
		4C542A2725C65C9200CC8A4F /* FriendPhotoCollectionViewCell.xib */ = {isa = PBXFileReference; lastKnownFileType = file.xib; path = FriendPhotoCollectionViewCell.xib; sourceTree = "<group>"; };
		4C542A2B25C65DFC00CC8A4F /* PhotosCollectionViewController.swift */ = {isa = PBXFileReference; lastKnownFileType = sourcecode.swift; path = PhotosCollectionViewController.swift; sourceTree = "<group>"; };
		4C542A2E25C8A85200CC8A4F /* GroupTableViewCell.swift */ = {isa = PBXFileReference; lastKnownFileType = sourcecode.swift; path = GroupTableViewCell.swift; sourceTree = "<group>"; };
		4C542A2F25C8A85200CC8A4F /* GroupTableViewCell.xib */ = {isa = PBXFileReference; lastKnownFileType = file.xib; path = GroupTableViewCell.xib; sourceTree = "<group>"; };
		4C542A3525C8B42500CC8A4F /* GroupSearchTableViewController.swift */ = {isa = PBXFileReference; lastKnownFileType = sourcecode.swift; path = GroupSearchTableViewController.swift; sourceTree = "<group>"; };
		4C542A3925C8B5B400CC8A4F /* Friend.swift */ = {isa = PBXFileReference; lastKnownFileType = sourcecode.swift; path = Friend.swift; sourceTree = "<group>"; };
		4C542A3D25C8B5BE00CC8A4F /* Group.swift */ = {isa = PBXFileReference; lastKnownFileType = sourcecode.swift; path = Group.swift; sourceTree = "<group>"; };
		4C6D36FD2654CB88003499E1 /* VKService.swift */ = {isa = PBXFileReference; lastKnownFileType = sourcecode.swift; path = VKService.swift; sourceTree = "<group>"; };
		4C6D36FF2654CD11003499E1 /* NewsFeedPost.swift */ = {isa = PBXFileReference; lastKnownFileType = sourcecode.swift; path = NewsFeedPost.swift; sourceTree = "<group>"; };
		4C6D3710265815C0003499E1 /* NewsHeaderTableViewCell.swift */ = {isa = PBXFileReference; lastKnownFileType = sourcecode.swift; path = NewsHeaderTableViewCell.swift; sourceTree = "<group>"; };
		4C6D371226581619003499E1 /* TextPostTableViewCell.swift */ = {isa = PBXFileReference; lastKnownFileType = sourcecode.swift; path = TextPostTableViewCell.swift; sourceTree = "<group>"; };
		4C6D371426581654003499E1 /* LikesTableViewCell.swift */ = {isa = PBXFileReference; lastKnownFileType = sourcecode.swift; path = LikesTableViewCell.swift; sourceTree = "<group>"; };
		4C6F450D25FBF05E009CD6B0 /* GradientVIew.swift */ = {isa = PBXFileReference; lastKnownFileType = sourcecode.swift; path = GradientVIew.swift; sourceTree = "<group>"; };
		4C72453E265AF4F300C47EFD /* DataOperations.swift */ = {isa = PBXFileReference; lastKnownFileType = sourcecode.swift; path = DataOperations.swift; sourceTree = "<group>"; };
		4C724540265AF5C800C47EFD /* AsyncOperation.swift */ = {isa = PBXFileReference; fileEncoding = 4; lastKnownFileType = sourcecode.swift; path = AsyncOperation.swift; sourceTree = "<group>"; };
		4C724545265B17DD00C47EFD /* ViewController+KingFisher.swift */ = {isa = PBXFileReference; lastKnownFileType = sourcecode.swift; path = "ViewController+KingFisher.swift"; sourceTree = "<group>"; };
		4C724547265B1BC400C47EFD /* ObjectProvider.swift */ = {isa = PBXFileReference; lastKnownFileType = sourcecode.swift; path = ObjectProvider.swift; sourceTree = "<group>"; };
		4C7B417F25DAB78800894D81 /* DM+UIColor.swift */ = {isa = PBXFileReference; lastKnownFileType = sourcecode.swift; path = "DM+UIColor.swift"; sourceTree = "<group>"; };
		4C7B418425DAC5C900894D81 /* UserStubFactory.swift */ = {isa = PBXFileReference; lastKnownFileType = sourcecode.swift; path = UserStubFactory.swift; sourceTree = "<group>"; };
		4C7B418B25DAE1D600894D81 /* DMSearchBar.swift */ = {isa = PBXFileReference; lastKnownFileType = sourcecode.swift; path = DMSearchBar.swift; sourceTree = "<group>"; };
		4C7B419525DC015200894D81 /* GroupStubFactory.swift */ = {isa = PBXFileReference; lastKnownFileType = sourcecode.swift; path = GroupStubFactory.swift; sourceTree = "<group>"; };
		4C7B419B25DC070100894D81 /* NewsFeedTableViewController.swift */ = {isa = PBXFileReference; lastKnownFileType = sourcecode.swift; path = NewsFeedTableViewController.swift; sourceTree = "<group>"; };
		4C7B41A425DC43E600894D81 /* Assets.xcassets */ = {isa = PBXFileReference; lastKnownFileType = folder.assetcatalog; path = Assets.xcassets; sourceTree = "<group>"; };
		4C7C089125E2F93D00FEAFAA /* CloudLoadingView.swift */ = {isa = PBXFileReference; lastKnownFileType = sourcecode.swift; path = CloudLoadingView.swift; sourceTree = "<group>"; };
		4C936DB925CE15C30035DA46 /* RoundedView.swift */ = {isa = PBXFileReference; lastKnownFileType = sourcecode.swift; path = RoundedView.swift; sourceTree = "<group>"; };
		4C936DBE25CE37080035DA46 /* LikeCustomView.swift */ = {isa = PBXFileReference; lastKnownFileType = sourcecode.swift; path = LikeCustomView.swift; sourceTree = "<group>"; };
		4C943329261289310015C6A3 /* NetworkManager.swift */ = {isa = PBXFileReference; lastKnownFileType = sourcecode.swift; path = NetworkManager.swift; sourceTree = "<group>"; };
		4C985508260F15AC00087056 /* GeekBrainsTestProjectUITests.xctest */ = {isa = PBXFileReference; explicitFileType = wrapper.cfbundle; includeInIndex = 0; path = GeekBrainsTestProjectUITests.xctest; sourceTree = BUILT_PRODUCTS_DIR; };
		4C98550A260F15AC00087056 /* GeekBrainsTestProjectUITests.swift */ = {isa = PBXFileReference; lastKnownFileType = sourcecode.swift; path = GeekBrainsTestProjectUITests.swift; sourceTree = "<group>"; };
		4C98550C260F15AC00087056 /* Info.plist */ = {isa = PBXFileReference; lastKnownFileType = text.plist.xml; path = Info.plist; sourceTree = "<group>"; };
		4CA577A02626388D00446F39 /* DMLoadingView.swift */ = {isa = PBXFileReference; lastKnownFileType = sourcecode.swift; path = DMLoadingView.swift; sourceTree = "<group>"; };
		4CA577A626287D2B00446F39 /* RealmManager.swift */ = {isa = PBXFileReference; lastKnownFileType = sourcecode.swift; path = RealmManager.swift; sourceTree = "<group>"; };
		4CA577AA262973C500446F39 /* SearchableGroup.swift */ = {isa = PBXFileReference; lastKnownFileType = sourcecode.swift; path = SearchableGroup.swift; sourceTree = "<group>"; };
		4CAB76FA2603FE0000092073 /* Session.swift */ = {isa = PBXFileReference; lastKnownFileType = sourcecode.swift; path = Session.swift; sourceTree = "<group>"; };
		4CB0AE7325E9B2FB00B5E144 /* CustomInteractiveTransition.swift */ = {isa = PBXFileReference; lastKnownFileType = sourcecode.swift; path = CustomInteractiveTransition.swift; sourceTree = "<group>"; };
		4CC84D3425E6CB8400FD7949 /* MyTransitionPresent.swift */ = {isa = PBXFileReference; lastKnownFileType = sourcecode.swift; path = MyTransitionPresent.swift; sourceTree = "<group>"; };
		4CC84D3925E6DAE100FD7949 /* MyTransitionDelegate.swift */ = {isa = PBXFileReference; lastKnownFileType = sourcecode.swift; path = MyTransitionDelegate.swift; sourceTree = "<group>"; };
		4CC84D3D25E6DC1C00FD7949 /* MyTransitionDIsmiss.swift */ = {isa = PBXFileReference; lastKnownFileType = sourcecode.swift; path = MyTransitionDIsmiss.swift; sourceTree = "<group>"; };
		4CC84D4125E6F92800FD7949 /* MyCustomSegue.swift */ = {isa = PBXFileReference; lastKnownFileType = sourcecode.swift; path = MyCustomSegue.swift; sourceTree = "<group>"; };
		4CC84D4625E6FF8300FD7949 /* NavigationTransitionPush.swift */ = {isa = PBXFileReference; lastKnownFileType = sourcecode.swift; path = NavigationTransitionPush.swift; sourceTree = "<group>"; };
		4CC84D4925E6FF9700FD7949 /* NavigationTransitionPop.swift */ = {isa = PBXFileReference; lastKnownFileType = sourcecode.swift; path = NavigationTransitionPop.swift; sourceTree = "<group>"; };
		4CC84D4C25E6FFAD00FD7949 /* NavigationControllerDelegate.swift */ = {isa = PBXFileReference; lastKnownFileType = sourcecode.swift; path = NavigationControllerDelegate.swift; sourceTree = "<group>"; };
		4CCAD5F1260A8F5E00F589E1 /* VKLoginViewController.swift */ = {isa = PBXFileReference; lastKnownFileType = sourcecode.swift; path = VKLoginViewController.swift; sourceTree = "<group>"; };
		4CDB818B2616EA6A006DF760 /* TODO.md */ = {isa = PBXFileReference; lastKnownFileType = net.daringfireball.markdown; path = TODO.md; sourceTree = "<group>"; };
/* End PBXFileReference section */

/* Begin PBXFrameworksBuildPhase section */
		4C17A46425BDE2E8006D45E0 /* Frameworks */ = {
			isa = PBXFrameworksBuildPhase;
			buildActionMask = 2147483647;
			files = (
				4C708553261BCB1300BB17A5 /* RealmSwift in Frameworks */,
				4CD6DD3E265DA7FD00137F25 /* PromiseKit in Frameworks */,
				4C0D3E2F2619808800621B81 /* AlamofireImage in Frameworks */,
				4CB1F4482613E293001CA49A /* Alamofire in Frameworks */,
				4C8D4C2A2611752A00497914 /* SwiftyJSON in Frameworks */,
				4C724544265B159700C47EFD /* Kingfisher in Frameworks */,
			);
			runOnlyForDeploymentPostprocessing = 0;
		};
		4C985505260F15AC00087056 /* Frameworks */ = {
			isa = PBXFrameworksBuildPhase;
			buildActionMask = 2147483647;
			files = (
			);
			runOnlyForDeploymentPostprocessing = 0;
		};
/* End PBXFrameworksBuildPhase section */

/* Begin PBXGroup section */
		4C17A45E25BDE2E8006D45E0 = {
			isa = PBXGroup;
			children = (
				4CDB818B2616EA6A006DF760 /* TODO.md */,
				4C17A46925BDE2E8006D45E0 /* GeekBrainsTestProject */,
				4C985509260F15AC00087056 /* GeekBrainsTestProjectUITests */,
				4C17A46825BDE2E8006D45E0 /* Products */,
			);
			sourceTree = "<group>";
		};
		4C17A46825BDE2E8006D45E0 /* Products */ = {
			isa = PBXGroup;
			children = (
				4C17A46725BDE2E8006D45E0 /* GeekBrainsTestProject.app */,
				4C985508260F15AC00087056 /* GeekBrainsTestProjectUITests.xctest */,
			);
			name = Products;
			sourceTree = "<group>";
		};
		4C17A46925BDE2E8006D45E0 /* GeekBrainsTestProject */ = {
			isa = PBXGroup;
			children = (
				4C72453D265AF4E500C47EFD /* Operations */,
				4C41C23526156CA70020FEE4 /* Protocols */,
				4C3043C626141A0300B8BB27 /* Services */,
				4CCAD5F4260AB2D100F589E1 /* Controllers */,
				4CC84D4425E6FDB600FD7949 /* NavigationTransitions */,
				4CC84D4025E6F91700FD7949 /* CustomSegues */,
				4CC84D3825E6DA9400FD7949 /* TransitionDelegates */,
				4CC84D3325E6CB4400FD7949 /* CustomTransitions */,
				4C7B41A425DC43E600894D81 /* Assets.xcassets */,
				4C7B418325DAC5BD00894D81 /* StubFactories */,
				4C7B417E25DAB77800894D81 /* Extensions */,
				4C936DAF25CE0FC70035DA46 /* CustomViews */,
				4C542A3825C8B57A00CC8A4F /* Models */,
				4C542A1A25C63C6E00CC8A4F /* Cells */,
				4C17A46A25BDE2E8006D45E0 /* AppDelegate.swift */,
				4C17A46C25BDE2E8006D45E0 /* SceneDelegate.swift */,
				4C17A47025BDE2E8006D45E0 /* Main.storyboard */,
				4C17A47525BDE2E9006D45E0 /* LaunchScreen.storyboard */,
				4C17A47825BDE2E9006D45E0 /* Info.plist */,
			);
			path = GeekBrainsTestProject;
			sourceTree = "<group>";
		};
		4C3043C626141A0300B8BB27 /* Services */ = {
			isa = PBXGroup;
			children = (
				4CAB76FA2603FE0000092073 /* Session.swift */,
				4C943329261289310015C6A3 /* NetworkManager.swift */,
				4CA577A626287D2B00446F39 /* RealmManager.swift */,
				4C39507B2650E887005CC644 /* KeychainService.swift */,
				4C6D36FD2654CB88003499E1 /* VKService.swift */,
				4C462038266036E200FC031E /* CacheManager.swift */,
			);
			path = Services;
			sourceTree = "<group>";
		};
		4C41C23526156CA70020FEE4 /* Protocols */ = {
			isa = PBXGroup;
			children = (
				4C41C23126156C860020FEE4 /* FriendTableViewProtocol.swift */,
				4C724547265B1BC400C47EFD /* ObjectProvider.swift */,
			);
			path = Protocols;
			sourceTree = "<group>";
		};
		4C542A1A25C63C6E00CC8A4F /* Cells */ = {
			isa = PBXGroup;
			children = (
				4C542A2125C64C6E00CC8A4F /* FriendTableViewCell.swift */,
				4C542A2225C64C6E00CC8A4F /* FriendTableViewCell.xib */,
				4C542A2625C65C9200CC8A4F /* FriendPhotoCollectionViewCell.swift */,
				4C542A2725C65C9200CC8A4F /* FriendPhotoCollectionViewCell.xib */,
				4C542A2E25C8A85200CC8A4F /* GroupTableViewCell.swift */,
				4C542A2F25C8A85200CC8A4F /* GroupTableViewCell.xib */,
				4C6D3710265815C0003499E1 /* NewsHeaderTableViewCell.swift */,
				4C6D371226581619003499E1 /* TextPostTableViewCell.swift */,
				4C6D371426581654003499E1 /* LikesTableViewCell.swift */,
				4C4DC69E265AD2A6000C57F3 /* NewsFeedPictureTableViewCell.swift */,
			);
			path = Cells;
			sourceTree = "<group>";
		};
		4C542A3825C8B57A00CC8A4F /* Models */ = {
			isa = PBXGroup;
			children = (
				4C4DC69626586C42000C57F3 /* NewsFeedPhotoPost.swift */,
				4C542A3925C8B5B400CC8A4F /* Friend.swift */,
				4C542A3D25C8B5BE00CC8A4F /* Group.swift */,
				4C4AA78A261589C3005EFA89 /* Photo.swift */,
				4CA577AA262973C500446F39 /* SearchableGroup.swift */,
				4C6D36FF2654CD11003499E1 /* NewsFeedPost.swift */,
				4C4DC69826597B99000C57F3 /* NewsFeedProfile.swift */,
				4C4DC69A265980F1000C57F3 /* TextPostStruct.swift */,
				4C1827142670103900C186AF /* NewsFeedGroup.swift */,
			);
			path = Models;
			sourceTree = "<group>";
		};
		4C72453D265AF4E500C47EFD /* Operations */ = {
			isa = PBXGroup;
			children = (
				4C724540265AF5C800C47EFD /* AsyncOperation.swift */,
				4C72453E265AF4F300C47EFD /* DataOperations.swift */,
			);
			path = Operations;
			sourceTree = "<group>";
		};
		4C7B417E25DAB77800894D81 /* Extensions */ = {
			isa = PBXGroup;
			children = (
				4C7B417F25DAB78800894D81 /* DM+UIColor.swift */,
				4C724545265B17DD00C47EFD /* ViewController+KingFisher.swift */,
			);
			path = Extensions;
			sourceTree = "<group>";
		};
		4C7B418325DAC5BD00894D81 /* StubFactories */ = {
			isa = PBXGroup;
			children = (
				4C7B418425DAC5C900894D81 /* UserStubFactory.swift */,
				4C7B419525DC015200894D81 /* GroupStubFactory.swift */,
			);
			path = StubFactories;
			sourceTree = "<group>";
		};
		4C936DAF25CE0FC70035DA46 /* CustomViews */ = {
			isa = PBXGroup;
			children = (
				4C936DB925CE15C30035DA46 /* RoundedView.swift */,
				4C936DBE25CE37080035DA46 /* LikeCustomView.swift */,
				4C7B418B25DAE1D600894D81 /* DMSearchBar.swift */,
				4C7C089125E2F93D00FEAFAA /* CloudLoadingView.swift */,
				4C6F450D25FBF05E009CD6B0 /* GradientVIew.swift */,
				4CA577A02626388D00446F39 /* DMLoadingView.swift */,
			);
			path = CustomViews;
			sourceTree = "<group>";
		};
		4C985509260F15AC00087056 /* GeekBrainsTestProjectUITests */ = {
			isa = PBXGroup;
			children = (
				4C98550A260F15AC00087056 /* GeekBrainsTestProjectUITests.swift */,
				4C98550C260F15AC00087056 /* Info.plist */,
			);
			path = GeekBrainsTestProjectUITests;
			sourceTree = "<group>";
		};
		4CC84D3325E6CB4400FD7949 /* CustomTransitions */ = {
			isa = PBXGroup;
			children = (
				4CC84D3425E6CB8400FD7949 /* MyTransitionPresent.swift */,
				4CC84D3D25E6DC1C00FD7949 /* MyTransitionDIsmiss.swift */,
				4CB0AE7325E9B2FB00B5E144 /* CustomInteractiveTransition.swift */,
			);
			path = CustomTransitions;
			sourceTree = "<group>";
		};
		4CC84D3825E6DA9400FD7949 /* TransitionDelegates */ = {
			isa = PBXGroup;
			children = (
				4CC84D3925E6DAE100FD7949 /* MyTransitionDelegate.swift */,
			);
			path = TransitionDelegates;
			sourceTree = "<group>";
		};
		4CC84D4025E6F91700FD7949 /* CustomSegues */ = {
			isa = PBXGroup;
			children = (
				4CC84D4125E6F92800FD7949 /* MyCustomSegue.swift */,
			);
			path = CustomSegues;
			sourceTree = "<group>";
		};
		4CC84D4425E6FDB600FD7949 /* NavigationTransitions */ = {
			isa = PBXGroup;
			children = (
				4CC84D4625E6FF8300FD7949 /* NavigationTransitionPush.swift */,
				4CC84D4925E6FF9700FD7949 /* NavigationTransitionPop.swift */,
				4CC84D4C25E6FFAD00FD7949 /* NavigationControllerDelegate.swift */,
			);
			path = NavigationTransitions;
			sourceTree = "<group>";
		};
		4CCAD5F4260AB2D100F589E1 /* Controllers */ = {
			isa = PBXGroup;
			children = (
				4C17A46E25BDE2E8006D45E0 /* LoginViewController.swift */,
				4C542A0325C60C3400CC8A4F /* FriendsTableViewController.swift */,
				4C542A0625C60F3400CC8A4F /* GroupsTableViewController.swift */,
				4C542A2B25C65DFC00CC8A4F /* PhotosCollectionViewController.swift */,
				4C542A3525C8B42500CC8A4F /* GroupSearchTableViewController.swift */,
				4C7B419B25DC070100894D81 /* NewsFeedTableViewController.swift */,
				4CCAD5F1260A8F5E00F589E1 /* VKLoginViewController.swift */,
			);
			path = Controllers;
			sourceTree = "<group>";
		};
/* End PBXGroup section */

/* Begin PBXNativeTarget section */
		4C17A46625BDE2E8006D45E0 /* GeekBrainsTestProject */ = {
			isa = PBXNativeTarget;
			buildConfigurationList = 4C17A47B25BDE2E9006D45E0 /* Build configuration list for PBXNativeTarget "GeekBrainsTestProject" */;
			buildPhases = (
				4C17A46325BDE2E8006D45E0 /* Sources */,
				4C17A46425BDE2E8006D45E0 /* Frameworks */,
				4C17A46525BDE2E8006D45E0 /* Resources */,
			);
			buildRules = (
			);
			dependencies = (
			);
			name = GeekBrainsTestProject;
			packageProductDependencies = (
				4C8D4C292611752A00497914 /* SwiftyJSON */,
				4CB1F4472613E293001CA49A /* Alamofire */,
				4C0D3E2E2619808800621B81 /* AlamofireImage */,
				4C708552261BCB1300BB17A5 /* RealmSwift */,
				4C724543265B159700C47EFD /* Kingfisher */,
				4CD6DD3D265DA7FD00137F25 /* PromiseKit */,
			);
			productName = GeekBrainsTestProject;
			productReference = 4C17A46725BDE2E8006D45E0 /* GeekBrainsTestProject.app */;
			productType = "com.apple.product-type.application";
		};
		4C985507260F15AC00087056 /* GeekBrainsTestProjectUITests */ = {
			isa = PBXNativeTarget;
			buildConfigurationList = 4C985511260F15AC00087056 /* Build configuration list for PBXNativeTarget "GeekBrainsTestProjectUITests" */;
			buildPhases = (
				4C985504260F15AC00087056 /* Sources */,
				4C985505260F15AC00087056 /* Frameworks */,
				4C985506260F15AC00087056 /* Resources */,
			);
			buildRules = (
			);
			dependencies = (
				4C98550E260F15AC00087056 /* PBXTargetDependency */,
			);
			name = GeekBrainsTestProjectUITests;
			productName = GeekBrainsTestProjectUITests;
			productReference = 4C985508260F15AC00087056 /* GeekBrainsTestProjectUITests.xctest */;
			productType = "com.apple.product-type.bundle.ui-testing";
		};
/* End PBXNativeTarget section */

/* Begin PBXProject section */
		4C17A45F25BDE2E8006D45E0 /* Project object */ = {
			isa = PBXProject;
			attributes = {
				LastSwiftUpdateCheck = 1240;
				LastUpgradeCheck = 1230;
				TargetAttributes = {
					4C17A46625BDE2E8006D45E0 = {
						CreatedOnToolsVersion = 12.3;
					};
					4C985507260F15AC00087056 = {
						CreatedOnToolsVersion = 12.4;
						TestTargetID = 4C17A46625BDE2E8006D45E0;
					};
				};
			};
			buildConfigurationList = 4C17A46225BDE2E8006D45E0 /* Build configuration list for PBXProject "GeekBrainsTestProject" */;
			compatibilityVersion = "Xcode 9.3";
			developmentRegion = en;
			hasScannedForEncodings = 0;
			knownRegions = (
				en,
				Base,
			);
			mainGroup = 4C17A45E25BDE2E8006D45E0;
			packageReferences = (
				4C8D4C282611752A00497914 /* XCRemoteSwiftPackageReference "SwiftyJSON" */,
				4CB1F4462613E293001CA49A /* XCRemoteSwiftPackageReference "Alamofire" */,
				4C0D3E2D2619808800621B81 /* XCRemoteSwiftPackageReference "AlamofireImage" */,
				4C708551261BCB1300BB17A5 /* XCRemoteSwiftPackageReference "realm-cocoa" */,
				4C724542265B159700C47EFD /* XCRemoteSwiftPackageReference "Kingfisher" */,
				4CD6DD3C265DA7FD00137F25 /* XCRemoteSwiftPackageReference "PromiseKit" */,
			);
			productRefGroup = 4C17A46825BDE2E8006D45E0 /* Products */;
			projectDirPath = "";
			projectRoot = "";
			targets = (
				4C17A46625BDE2E8006D45E0 /* GeekBrainsTestProject */,
				4C985507260F15AC00087056 /* GeekBrainsTestProjectUITests */,
			);
		};
/* End PBXProject section */

/* Begin PBXResourcesBuildPhase section */
		4C17A46525BDE2E8006D45E0 /* Resources */ = {
			isa = PBXResourcesBuildPhase;
			buildActionMask = 2147483647;
			files = (
				4C17A47725BDE2E9006D45E0 /* LaunchScreen.storyboard in Resources */,
				4C542A3125C8A85200CC8A4F /* GroupTableViewCell.xib in Resources */,
				4C542A2925C65C9200CC8A4F /* FriendPhotoCollectionViewCell.xib in Resources */,
				4C17A47225BDE2E8006D45E0 /* Main.storyboard in Resources */,
				4C7B41A525DC43E600894D81 /* Assets.xcassets in Resources */,
				4C542A2425C64C6E00CC8A4F /* FriendTableViewCell.xib in Resources */,
			);
			runOnlyForDeploymentPostprocessing = 0;
		};
		4C985506260F15AC00087056 /* Resources */ = {
			isa = PBXResourcesBuildPhase;
			buildActionMask = 2147483647;
			files = (
			);
			runOnlyForDeploymentPostprocessing = 0;
		};
/* End PBXResourcesBuildPhase section */

/* Begin PBXSourcesBuildPhase section */
		4C17A46325BDE2E8006D45E0 /* Sources */ = {
			isa = PBXSourcesBuildPhase;
			buildActionMask = 2147483647;
			files = (
				4CAB76FB2603FE0000092073 /* Session.swift in Sources */,
				4CB0AE7425E9B2FB00B5E144 /* CustomInteractiveTransition.swift in Sources */,
				4C542A3025C8A85200CC8A4F /* GroupTableViewCell.swift in Sources */,
				4C7B419625DC015200894D81 /* GroupStubFactory.swift in Sources */,
				4C6D36FE2654CB88003499E1 /* VKService.swift in Sources */,
				4C462039266036E200FC031E /* CacheManager.swift in Sources */,
				4CA577AB262973C500446F39 /* SearchableGroup.swift in Sources */,
				4C17A46F25BDE2E8006D45E0 /* LoginViewController.swift in Sources */,
				4C542A0725C60F3400CC8A4F /* GroupsTableViewController.swift in Sources */,
				4C7B418525DAC5C900894D81 /* UserStubFactory.swift in Sources */,
				4C724546265B17DD00C47EFD /* ViewController+KingFisher.swift in Sources */,
				4CC84D4725E6FF8300FD7949 /* NavigationTransitionPush.swift in Sources */,
				4C542A3E25C8B5BE00CC8A4F /* Group.swift in Sources */,
				4C542A2825C65C9200CC8A4F /* FriendPhotoCollectionViewCell.swift in Sources */,
				4CA577A12626388D00446F39 /* DMLoadingView.swift in Sources */,
				4C724541265AF5C800C47EFD /* AsyncOperation.swift in Sources */,
				4C41C23226156C860020FEE4 /* FriendTableViewProtocol.swift in Sources */,
				4C936DBA25CE15C30035DA46 /* RoundedView.swift in Sources */,
				4C1827152670103900C186AF /* NewsFeedGroup.swift in Sources */,
				4C72453F265AF4F300C47EFD /* DataOperations.swift in Sources */,
				4CC84D3525E6CB8400FD7949 /* MyTransitionPresent.swift in Sources */,
				4C4DC69926597B99000C57F3 /* NewsFeedProfile.swift in Sources */,
				4C7B418025DAB78800894D81 /* DM+UIColor.swift in Sources */,
				4CA577A726287D2B00446F39 /* RealmManager.swift in Sources */,
				4C4DC69B265980F1000C57F3 /* TextPostStruct.swift in Sources */,
				4C17A46B25BDE2E8006D45E0 /* AppDelegate.swift in Sources */,
				4C6F450E25FBF05E009CD6B0 /* GradientVIew.swift in Sources */,
				4C542A2325C64C6E00CC8A4F /* FriendTableViewCell.swift in Sources */,
				4C6D371326581619003499E1 /* TextPostTableViewCell.swift in Sources */,
				4C542A0425C60C3400CC8A4F /* FriendsTableViewController.swift in Sources */,
				4C94332A261289310015C6A3 /* NetworkManager.swift in Sources */,
				4CCAD5F2260A8F5E00F589E1 /* VKLoginViewController.swift in Sources */,
				4C7B418C25DAE1D600894D81 /* DMSearchBar.swift in Sources */,
				4C4AA78B261589C3005EFA89 /* Photo.swift in Sources */,
				4C39507C2650E887005CC644 /* KeychainService.swift in Sources */,
				4CC84D3A25E6DAE100FD7949 /* MyTransitionDelegate.swift in Sources */,
				4C4DC69F265AD2A6000C57F3 /* NewsFeedPictureTableViewCell.swift in Sources */,
				4C17A46D25BDE2E8006D45E0 /* SceneDelegate.swift in Sources */,
				4C6D37002654CD11003499E1 /* NewsFeedPost.swift in Sources */,
				4C542A2C25C65DFC00CC8A4F /* PhotosCollectionViewController.swift in Sources */,
				4C4DC69726586C42000C57F3 /* NewsFeedPhotoPost.swift in Sources */,
				4C6D371526581654003499E1 /* LikesTableViewCell.swift in Sources */,
				4C7C089225E2F93D00FEAFAA /* CloudLoadingView.swift in Sources */,
				4CC84D4225E6F92800FD7949 /* MyCustomSegue.swift in Sources */,
				4C7B419C25DC070100894D81 /* NewsFeedTableViewController.swift in Sources */,
				4C542A3625C8B42500CC8A4F /* GroupSearchTableViewController.swift in Sources */,
				4C724548265B1BC400C47EFD /* ObjectProvider.swift in Sources */,
				4CC84D4A25E6FF9700FD7949 /* NavigationTransitionPop.swift in Sources */,
				4C6D3711265815C0003499E1 /* NewsHeaderTableViewCell.swift in Sources */,
				4C936DBF25CE37080035DA46 /* LikeCustomView.swift in Sources */,
				4CC84D4D25E6FFAD00FD7949 /* NavigationControllerDelegate.swift in Sources */,
				4C542A3A25C8B5B400CC8A4F /* Friend.swift in Sources */,
				4CC84D3E25E6DC1C00FD7949 /* MyTransitionDIsmiss.swift in Sources */,
			);
			runOnlyForDeploymentPostprocessing = 0;
		};
		4C985504260F15AC00087056 /* Sources */ = {
			isa = PBXSourcesBuildPhase;
			buildActionMask = 2147483647;
			files = (
				4C98550B260F15AC00087056 /* GeekBrainsTestProjectUITests.swift in Sources */,
			);
			runOnlyForDeploymentPostprocessing = 0;
		};
/* End PBXSourcesBuildPhase section */

/* Begin PBXTargetDependency section */
		4C98550E260F15AC00087056 /* PBXTargetDependency */ = {
			isa = PBXTargetDependency;
			target = 4C17A46625BDE2E8006D45E0 /* GeekBrainsTestProject */;
			targetProxy = 4C98550D260F15AC00087056 /* PBXContainerItemProxy */;
		};
/* End PBXTargetDependency section */

/* Begin PBXVariantGroup section */
		4C17A47025BDE2E8006D45E0 /* Main.storyboard */ = {
			isa = PBXVariantGroup;
			children = (
				4C17A47125BDE2E8006D45E0 /* Base */,
			);
			name = Main.storyboard;
			sourceTree = "<group>";
		};
		4C17A47525BDE2E9006D45E0 /* LaunchScreen.storyboard */ = {
			isa = PBXVariantGroup;
			children = (
				4C17A47625BDE2E9006D45E0 /* Base */,
			);
			name = LaunchScreen.storyboard;
			sourceTree = "<group>";
		};
/* End PBXVariantGroup section */

/* Begin XCBuildConfiguration section */
		4C17A47925BDE2E9006D45E0 /* Debug */ = {
			isa = XCBuildConfiguration;
			buildSettings = {
				ALWAYS_SEARCH_USER_PATHS = NO;
				CLANG_ANALYZER_NONNULL = YES;
				CLANG_ANALYZER_NUMBER_OBJECT_CONVERSION = YES_AGGRESSIVE;
				CLANG_CXX_LANGUAGE_STANDARD = "gnu++14";
				CLANG_CXX_LIBRARY = "libc++";
				CLANG_ENABLE_MODULES = YES;
				CLANG_ENABLE_OBJC_ARC = YES;
				CLANG_ENABLE_OBJC_WEAK = YES;
				CLANG_WARN_BLOCK_CAPTURE_AUTORELEASING = YES;
				CLANG_WARN_BOOL_CONVERSION = YES;
				CLANG_WARN_COMMA = YES;
				CLANG_WARN_CONSTANT_CONVERSION = YES;
				CLANG_WARN_DEPRECATED_OBJC_IMPLEMENTATIONS = YES;
				CLANG_WARN_DIRECT_OBJC_ISA_USAGE = YES_ERROR;
				CLANG_WARN_DOCUMENTATION_COMMENTS = YES;
				CLANG_WARN_EMPTY_BODY = YES;
				CLANG_WARN_ENUM_CONVERSION = YES;
				CLANG_WARN_INFINITE_RECURSION = YES;
				CLANG_WARN_INT_CONVERSION = YES;
				CLANG_WARN_NON_LITERAL_NULL_CONVERSION = YES;
				CLANG_WARN_OBJC_IMPLICIT_RETAIN_SELF = YES;
				CLANG_WARN_OBJC_LITERAL_CONVERSION = YES;
				CLANG_WARN_OBJC_ROOT_CLASS = YES_ERROR;
				CLANG_WARN_QUOTED_INCLUDE_IN_FRAMEWORK_HEADER = YES;
				CLANG_WARN_RANGE_LOOP_ANALYSIS = YES;
				CLANG_WARN_STRICT_PROTOTYPES = YES;
				CLANG_WARN_SUSPICIOUS_MOVE = YES;
				CLANG_WARN_UNGUARDED_AVAILABILITY = YES_AGGRESSIVE;
				CLANG_WARN_UNREACHABLE_CODE = YES;
				CLANG_WARN__DUPLICATE_METHOD_MATCH = YES;
				COPY_PHASE_STRIP = NO;
				DEBUG_INFORMATION_FORMAT = dwarf;
				ENABLE_STRICT_OBJC_MSGSEND = YES;
				ENABLE_TESTABILITY = YES;
				GCC_C_LANGUAGE_STANDARD = gnu11;
				GCC_DYNAMIC_NO_PIC = NO;
				GCC_NO_COMMON_BLOCKS = YES;
				GCC_OPTIMIZATION_LEVEL = 0;
				GCC_PREPROCESSOR_DEFINITIONS = (
					"DEBUG=1",
					"$(inherited)",
				);
				GCC_WARN_64_TO_32_BIT_CONVERSION = YES;
				GCC_WARN_ABOUT_RETURN_TYPE = YES_ERROR;
				GCC_WARN_UNDECLARED_SELECTOR = YES;
				GCC_WARN_UNINITIALIZED_AUTOS = YES_AGGRESSIVE;
				GCC_WARN_UNUSED_FUNCTION = YES;
				GCC_WARN_UNUSED_VARIABLE = YES;
				IPHONEOS_DEPLOYMENT_TARGET = 14.1;
				MTL_ENABLE_DEBUG_INFO = INCLUDE_SOURCE;
				MTL_FAST_MATH = YES;
				ONLY_ACTIVE_ARCH = YES;
				SDKROOT = iphoneos;
				SWIFT_ACTIVE_COMPILATION_CONDITIONS = DEBUG;
				SWIFT_OPTIMIZATION_LEVEL = "-Onone";
			};
			name = Debug;
		};
		4C17A47A25BDE2E9006D45E0 /* Release */ = {
			isa = XCBuildConfiguration;
			buildSettings = {
				ALWAYS_SEARCH_USER_PATHS = NO;
				CLANG_ANALYZER_NONNULL = YES;
				CLANG_ANALYZER_NUMBER_OBJECT_CONVERSION = YES_AGGRESSIVE;
				CLANG_CXX_LANGUAGE_STANDARD = "gnu++14";
				CLANG_CXX_LIBRARY = "libc++";
				CLANG_ENABLE_MODULES = YES;
				CLANG_ENABLE_OBJC_ARC = YES;
				CLANG_ENABLE_OBJC_WEAK = YES;
				CLANG_WARN_BLOCK_CAPTURE_AUTORELEASING = YES;
				CLANG_WARN_BOOL_CONVERSION = YES;
				CLANG_WARN_COMMA = YES;
				CLANG_WARN_CONSTANT_CONVERSION = YES;
				CLANG_WARN_DEPRECATED_OBJC_IMPLEMENTATIONS = YES;
				CLANG_WARN_DIRECT_OBJC_ISA_USAGE = YES_ERROR;
				CLANG_WARN_DOCUMENTATION_COMMENTS = YES;
				CLANG_WARN_EMPTY_BODY = YES;
				CLANG_WARN_ENUM_CONVERSION = YES;
				CLANG_WARN_INFINITE_RECURSION = YES;
				CLANG_WARN_INT_CONVERSION = YES;
				CLANG_WARN_NON_LITERAL_NULL_CONVERSION = YES;
				CLANG_WARN_OBJC_IMPLICIT_RETAIN_SELF = YES;
				CLANG_WARN_OBJC_LITERAL_CONVERSION = YES;
				CLANG_WARN_OBJC_ROOT_CLASS = YES_ERROR;
				CLANG_WARN_QUOTED_INCLUDE_IN_FRAMEWORK_HEADER = YES;
				CLANG_WARN_RANGE_LOOP_ANALYSIS = YES;
				CLANG_WARN_STRICT_PROTOTYPES = YES;
				CLANG_WARN_SUSPICIOUS_MOVE = YES;
				CLANG_WARN_UNGUARDED_AVAILABILITY = YES_AGGRESSIVE;
				CLANG_WARN_UNREACHABLE_CODE = YES;
				CLANG_WARN__DUPLICATE_METHOD_MATCH = YES;
				COPY_PHASE_STRIP = NO;
				DEBUG_INFORMATION_FORMAT = "dwarf-with-dsym";
				ENABLE_NS_ASSERTIONS = NO;
				ENABLE_STRICT_OBJC_MSGSEND = YES;
				GCC_C_LANGUAGE_STANDARD = gnu11;
				GCC_NO_COMMON_BLOCKS = YES;
				GCC_WARN_64_TO_32_BIT_CONVERSION = YES;
				GCC_WARN_ABOUT_RETURN_TYPE = YES_ERROR;
				GCC_WARN_UNDECLARED_SELECTOR = YES;
				GCC_WARN_UNINITIALIZED_AUTOS = YES_AGGRESSIVE;
				GCC_WARN_UNUSED_FUNCTION = YES;
				GCC_WARN_UNUSED_VARIABLE = YES;
				IPHONEOS_DEPLOYMENT_TARGET = 14.1;
				MTL_ENABLE_DEBUG_INFO = NO;
				MTL_FAST_MATH = YES;
				SDKROOT = iphoneos;
				SWIFT_COMPILATION_MODE = wholemodule;
				SWIFT_OPTIMIZATION_LEVEL = "-O";
				VALIDATE_PRODUCT = YES;
			};
			name = Release;
		};
		4C17A47C25BDE2E9006D45E0 /* Debug */ = {
			isa = XCBuildConfiguration;
			buildSettings = {
				ASSETCATALOG_COMPILER_APPICON_NAME = AppIcon;
				ASSETCATALOG_COMPILER_GLOBAL_ACCENT_COLOR_NAME = "";
				CODE_SIGN_STYLE = Automatic;
				CURRENT_PROJECT_VERSION = 1;
				DEVELOPMENT_TEAM = L9HFNV2AWC;
				INFOPLIST_FILE = GeekBrainsTestProject/Info.plist;
				IPHONEOS_DEPLOYMENT_TARGET = 14.1;
				LD_RUNPATH_SEARCH_PATHS = (
					"$(inherited)",
					"@executable_path/Frameworks",
				);
				MARKETING_VERSION = 1.0;
				PRODUCT_BUNDLE_IDENTIFIER = com.denismordvinov.geekBrainsTest;
				PRODUCT_NAME = "$(TARGET_NAME)";
				SWIFT_VERSION = 5.0;
				TARGETED_DEVICE_FAMILY = 1;
			};
			name = Debug;
		};
		4C17A47D25BDE2E9006D45E0 /* Release */ = {
			isa = XCBuildConfiguration;
			buildSettings = {
				ASSETCATALOG_COMPILER_APPICON_NAME = AppIcon;
				ASSETCATALOG_COMPILER_GLOBAL_ACCENT_COLOR_NAME = "";
				CODE_SIGN_STYLE = Automatic;
				CURRENT_PROJECT_VERSION = 1;
				DEVELOPMENT_TEAM = L9HFNV2AWC;
				INFOPLIST_FILE = GeekBrainsTestProject/Info.plist;
				IPHONEOS_DEPLOYMENT_TARGET = 14.1;
				LD_RUNPATH_SEARCH_PATHS = (
					"$(inherited)",
					"@executable_path/Frameworks",
				);
				MARKETING_VERSION = 1.0;
				PRODUCT_BUNDLE_IDENTIFIER = com.denismordvinov.geekBrainsTest;
				PRODUCT_NAME = "$(TARGET_NAME)";
				SWIFT_VERSION = 5.0;
				TARGETED_DEVICE_FAMILY = 1;
			};
			name = Release;
		};
		4C98550F260F15AC00087056 /* Debug */ = {
			isa = XCBuildConfiguration;
			buildSettings = {
				CODE_SIGN_STYLE = Automatic;
				DEVELOPMENT_TEAM = L9HFNV2AWC;
				INFOPLIST_FILE = GeekBrainsTestProjectUITests/Info.plist;
				IPHONEOS_DEPLOYMENT_TARGET = 14.1;
				LD_RUNPATH_SEARCH_PATHS = (
					"$(inherited)",
					"@executable_path/Frameworks",
					"@loader_path/Frameworks",
				);
				PRODUCT_BUNDLE_IDENTIFIER = com.denismordvinov.geekBrainsTest.GeekBrainsTestProjectUITests;
				PRODUCT_NAME = "$(TARGET_NAME)";
				SWIFT_VERSION = 5.0;
				TARGETED_DEVICE_FAMILY = "1,2";
				TEST_TARGET_NAME = GeekBrainsTestProject;
			};
			name = Debug;
		};
		4C985510260F15AC00087056 /* Release */ = {
			isa = XCBuildConfiguration;
			buildSettings = {
				CODE_SIGN_STYLE = Automatic;
				DEVELOPMENT_TEAM = L9HFNV2AWC;
				INFOPLIST_FILE = GeekBrainsTestProjectUITests/Info.plist;
				IPHONEOS_DEPLOYMENT_TARGET = 14.1;
				LD_RUNPATH_SEARCH_PATHS = (
					"$(inherited)",
					"@executable_path/Frameworks",
					"@loader_path/Frameworks",
				);
				PRODUCT_BUNDLE_IDENTIFIER = com.denismordvinov.geekBrainsTest.GeekBrainsTestProjectUITests;
				PRODUCT_NAME = "$(TARGET_NAME)";
				SWIFT_VERSION = 5.0;
				TARGETED_DEVICE_FAMILY = "1,2";
				TEST_TARGET_NAME = GeekBrainsTestProject;
			};
			name = Release;
		};
/* End XCBuildConfiguration section */

/* Begin XCConfigurationList section */
		4C17A46225BDE2E8006D45E0 /* Build configuration list for PBXProject "GeekBrainsTestProject" */ = {
			isa = XCConfigurationList;
			buildConfigurations = (
				4C17A47925BDE2E9006D45E0 /* Debug */,
				4C17A47A25BDE2E9006D45E0 /* Release */,
			);
			defaultConfigurationIsVisible = 0;
			defaultConfigurationName = Release;
		};
		4C17A47B25BDE2E9006D45E0 /* Build configuration list for PBXNativeTarget "GeekBrainsTestProject" */ = {
			isa = XCConfigurationList;
			buildConfigurations = (
				4C17A47C25BDE2E9006D45E0 /* Debug */,
				4C17A47D25BDE2E9006D45E0 /* Release */,
			);
			defaultConfigurationIsVisible = 0;
			defaultConfigurationName = Release;
		};
		4C985511260F15AC00087056 /* Build configuration list for PBXNativeTarget "GeekBrainsTestProjectUITests" */ = {
			isa = XCConfigurationList;
			buildConfigurations = (
				4C98550F260F15AC00087056 /* Debug */,
				4C985510260F15AC00087056 /* Release */,
			);
			defaultConfigurationIsVisible = 0;
			defaultConfigurationName = Release;
		};
/* End XCConfigurationList section */

/* Begin XCRemoteSwiftPackageReference section */
		4C0D3E2D2619808800621B81 /* XCRemoteSwiftPackageReference "AlamofireImage" */ = {
			isa = XCRemoteSwiftPackageReference;
			repositoryURL = "https://github.com/Alamofire/AlamofireImage.git";
			requirement = {
				kind = upToNextMajorVersion;
				minimumVersion = 4.2.0;
			};
		};
		4C708551261BCB1300BB17A5 /* XCRemoteSwiftPackageReference "realm-cocoa" */ = {
			isa = XCRemoteSwiftPackageReference;
			repositoryURL = "https://github.com/realm/realm-cocoa.git";
			requirement = {
				kind = upToNextMajorVersion;
				minimumVersion = 10.7.6;
			};
		};
		4C724542265B159700C47EFD /* XCRemoteSwiftPackageReference "Kingfisher" */ = {
			isa = XCRemoteSwiftPackageReference;
			repositoryURL = "https://github.com/onevcat/Kingfisher";
			requirement = {
				kind = upToNextMajorVersion;
				minimumVersion = 6.3.0;
			};
		};
		4C8D4C282611752A00497914 /* XCRemoteSwiftPackageReference "SwiftyJSON" */ = {
			isa = XCRemoteSwiftPackageReference;
			repositoryURL = "https://github.com/SwiftyJSON/SwiftyJSON.git";
			requirement = {
				kind = upToNextMajorVersion;
				minimumVersion = 5.0.1;
			};
		};
		4CB1F4462613E293001CA49A /* XCRemoteSwiftPackageReference "Alamofire" */ = {
			isa = XCRemoteSwiftPackageReference;
			repositoryURL = "https://github.com/Alamofire/Alamofire.git";
			requirement = {
				kind = upToNextMajorVersion;
				minimumVersion = 5.4.1;
			};
		};
		4CD6DD3C265DA7FD00137F25 /* XCRemoteSwiftPackageReference "PromiseKit" */ = {
			isa = XCRemoteSwiftPackageReference;
			repositoryURL = "https://github.com/mxcl/PromiseKit";
			requirement = {
				kind = upToNextMajorVersion;
				minimumVersion = 6.15.1;
			};
		};
/* End XCRemoteSwiftPackageReference section */

/* Begin XCSwiftPackageProductDependency section */
		4C0D3E2E2619808800621B81 /* AlamofireImage */ = {
			isa = XCSwiftPackageProductDependency;
			package = 4C0D3E2D2619808800621B81 /* XCRemoteSwiftPackageReference "AlamofireImage" */;
			productName = AlamofireImage;
		};
		4C708552261BCB1300BB17A5 /* RealmSwift */ = {
			isa = XCSwiftPackageProductDependency;
			package = 4C708551261BCB1300BB17A5 /* XCRemoteSwiftPackageReference "realm-cocoa" */;
			productName = RealmSwift;
		};
		4C724543265B159700C47EFD /* Kingfisher */ = {
			isa = XCSwiftPackageProductDependency;
			package = 4C724542265B159700C47EFD /* XCRemoteSwiftPackageReference "Kingfisher" */;
			productName = Kingfisher;
		};
		4C8D4C292611752A00497914 /* SwiftyJSON */ = {
			isa = XCSwiftPackageProductDependency;
			package = 4C8D4C282611752A00497914 /* XCRemoteSwiftPackageReference "SwiftyJSON" */;
			productName = SwiftyJSON;
		};
		4CB1F4472613E293001CA49A /* Alamofire */ = {
			isa = XCSwiftPackageProductDependency;
			package = 4CB1F4462613E293001CA49A /* XCRemoteSwiftPackageReference "Alamofire" */;
			productName = Alamofire;
		};
		4CD6DD3D265DA7FD00137F25 /* PromiseKit */ = {
			isa = XCSwiftPackageProductDependency;
			package = 4CD6DD3C265DA7FD00137F25 /* XCRemoteSwiftPackageReference "PromiseKit" */;
			productName = PromiseKit;
		};
/* End XCSwiftPackageProductDependency section */
	};
	rootObject = 4C17A45F25BDE2E8006D45E0 /* Project object */;
}
