// !$*UTF8*$!
{
	archiveVersion = 1;
	classes = {
	};
	objectVersion = 50;
	objects = {

/* Begin PBXBuildFile section */
		4C17A46B25BDE2E8006D45E0 /* AppDelegate.swift in Sources */ = {isa = PBXBuildFile; fileRef = 4C17A46A25BDE2E8006D45E0 /* AppDelegate.swift */; };
		4C17A46D25BDE2E8006D45E0 /* SceneDelegate.swift in Sources */ = {isa = PBXBuildFile; fileRef = 4C17A46C25BDE2E8006D45E0 /* SceneDelegate.swift */; };
		4C17A46F25BDE2E8006D45E0 /* LoginViewController.swift in Sources */ = {isa = PBXBuildFile; fileRef = 4C17A46E25BDE2E8006D45E0 /* LoginViewController.swift */; };
		4C17A47225BDE2E8006D45E0 /* Main.storyboard in Resources */ = {isa = PBXBuildFile; fileRef = 4C17A47025BDE2E8006D45E0 /* Main.storyboard */; };
		4C17A47725BDE2E9006D45E0 /* LaunchScreen.storyboard in Resources */ = {isa = PBXBuildFile; fileRef = 4C17A47525BDE2E9006D45E0 /* LaunchScreen.storyboard */; };
		4C542A0425C60C3400CC8A4F /* FriendsTableViewController.swift in Sources */ = {isa = PBXBuildFile; fileRef = 4C542A0325C60C3400CC8A4F /* FriendsTableViewController.swift */; };
		4C542A0725C60F3400CC8A4F /* GroupsTableViewController.swift in Sources */ = {isa = PBXBuildFile; fileRef = 4C542A0625C60F3400CC8A4F /* GroupsTableViewController.swift */; };
		4C542A2325C64C6E00CC8A4F /* FriendTableViewCell.swift in Sources */ = {isa = PBXBuildFile; fileRef = 4C542A2125C64C6E00CC8A4F /* FriendTableViewCell.swift */; };
		4C542A2425C64C6E00CC8A4F /* FriendTableViewCell.xib in Resources */ = {isa = PBXBuildFile; fileRef = 4C542A2225C64C6E00CC8A4F /* FriendTableViewCell.xib */; };
		4C542A2825C65C9200CC8A4F /* FriendPhotoCollectionViewCell.swift in Sources */ = {isa = PBXBuildFile; fileRef = 4C542A2625C65C9200CC8A4F /* FriendPhotoCollectionViewCell.swift */; };
		4C542A2925C65C9200CC8A4F /* FriendPhotoCollectionViewCell.xib in Resources */ = {isa = PBXBuildFile; fileRef = 4C542A2725C65C9200CC8A4F /* FriendPhotoCollectionViewCell.xib */; };
		4C542A2C25C65DFC00CC8A4F /* PhotosCollectionViewController.swift in Sources */ = {isa = PBXBuildFile; fileRef = 4C542A2B25C65DFC00CC8A4F /* PhotosCollectionViewController.swift */; };
		4C542A3025C8A85200CC8A4F /* GroupTableViewCell.swift in Sources */ = {isa = PBXBuildFile; fileRef = 4C542A2E25C8A85200CC8A4F /* GroupTableViewCell.swift */; };
		4C542A3125C8A85200CC8A4F /* GroupTableViewCell.xib in Resources */ = {isa = PBXBuildFile; fileRef = 4C542A2F25C8A85200CC8A4F /* GroupTableViewCell.xib */; };
		4C542A3625C8B42500CC8A4F /* GroupSearchTableViewController.swift in Sources */ = {isa = PBXBuildFile; fileRef = 4C542A3525C8B42500CC8A4F /* GroupSearchTableViewController.swift */; };
		4C542A3A25C8B5B400CC8A4F /* User.swift in Sources */ = {isa = PBXBuildFile; fileRef = 4C542A3925C8B5B400CC8A4F /* User.swift */; };
		4C542A3E25C8B5BE00CC8A4F /* Group.swift in Sources */ = {isa = PBXBuildFile; fileRef = 4C542A3D25C8B5BE00CC8A4F /* Group.swift */; };
		4C7B418025DAB78800894D81 /* DM+UIColor.swift in Sources */ = {isa = PBXBuildFile; fileRef = 4C7B417F25DAB78800894D81 /* DM+UIColor.swift */; };
		4C7B418525DAC5C900894D81 /* UserFactory.swift in Sources */ = {isa = PBXBuildFile; fileRef = 4C7B418425DAC5C900894D81 /* UserFactory.swift */; };
		4C7B418925DAD01300894D81 /* DM+String.swift in Sources */ = {isa = PBXBuildFile; fileRef = 4C7B418825DAD01300894D81 /* DM+String.swift */; };
		4C7B418C25DAE1D600894D81 /* DMSearchBar.swift in Sources */ = {isa = PBXBuildFile; fileRef = 4C7B418B25DAE1D600894D81 /* DMSearchBar.swift */; };
		4C7B419625DC015200894D81 /* GroupFactory.swift in Sources */ = {isa = PBXBuildFile; fileRef = 4C7B419525DC015200894D81 /* GroupFactory.swift */; };
		4C7B419925DC06C600894D81 /* NewsFeedTableViewCell.swift in Sources */ = {isa = PBXBuildFile; fileRef = 4C7B419825DC06C600894D81 /* NewsFeedTableViewCell.swift */; };
		4C7B419C25DC070100894D81 /* NewsFeedTableViewController.swift in Sources */ = {isa = PBXBuildFile; fileRef = 4C7B419B25DC070100894D81 /* NewsFeedTableViewController.swift */; };
		4C7B41A525DC43E600894D81 /* Assets.xcassets in Resources */ = {isa = PBXBuildFile; fileRef = 4C7B41A425DC43E600894D81 /* Assets.xcassets */; };
		4C7C086125E1CD6300FEAFAA /* FullScreenPhotoViewController.swift in Sources */ = {isa = PBXBuildFile; fileRef = 4C7C086025E1CD6300FEAFAA /* FullScreenPhotoViewController.swift */; };
		4C7C088825E1E82900FEAFAA /* DM+Arrays.swift in Sources */ = {isa = PBXBuildFile; fileRef = 4C7C088725E1E82900FEAFAA /* DM+Arrays.swift */; };
		4C7C089225E2F93D00FEAFAA /* CloudLoadingView.swift in Sources */ = {isa = PBXBuildFile; fileRef = 4C7C089125E2F93D00FEAFAA /* CloudLoadingView.swift */; };
		4C936DBA25CE15C30035DA46 /* RoundedView.swift in Sources */ = {isa = PBXBuildFile; fileRef = 4C936DB925CE15C30035DA46 /* RoundedView.swift */; };
		4C936DBF25CE37080035DA46 /* LikeCustomView.swift in Sources */ = {isa = PBXBuildFile; fileRef = 4C936DBE25CE37080035DA46 /* LikeCustomView.swift */; };
		4CB0AE7425E9B2FB00B5E144 /* CustomInteractiveTransition.swift in Sources */ = {isa = PBXBuildFile; fileRef = 4CB0AE7325E9B2FB00B5E144 /* CustomInteractiveTransition.swift */; };
		4CB0AE7725E9C19C00B5E144 /* DM+UIIMage.swift in Sources */ = {isa = PBXBuildFile; fileRef = 4CB0AE7625E9C19C00B5E144 /* DM+UIIMage.swift */; };
		4CC84D3525E6CB8400FD7949 /* MyTransitionPresent.swift in Sources */ = {isa = PBXBuildFile; fileRef = 4CC84D3425E6CB8400FD7949 /* MyTransitionPresent.swift */; };
		4CC84D3A25E6DAE100FD7949 /* MyTransitionDelegate.swift in Sources */ = {isa = PBXBuildFile; fileRef = 4CC84D3925E6DAE100FD7949 /* MyTransitionDelegate.swift */; };
		4CC84D3E25E6DC1C00FD7949 /* MyTransitionDIsmiss.swift in Sources */ = {isa = PBXBuildFile; fileRef = 4CC84D3D25E6DC1C00FD7949 /* MyTransitionDIsmiss.swift */; };
		4CC84D4225E6F92800FD7949 /* MyCustomSegue.swift in Sources */ = {isa = PBXBuildFile; fileRef = 4CC84D4125E6F92800FD7949 /* MyCustomSegue.swift */; };
		4CC84D4725E6FF8300FD7949 /* NavigationTransitionPush.swift in Sources */ = {isa = PBXBuildFile; fileRef = 4CC84D4625E6FF8300FD7949 /* NavigationTransitionPush.swift */; };
		4CC84D4A25E6FF9700FD7949 /* NavigationTransitionPop.swift in Sources */ = {isa = PBXBuildFile; fileRef = 4CC84D4925E6FF9700FD7949 /* NavigationTransitionPop.swift */; };
		4CC84D4D25E6FFAD00FD7949 /* NavigationControllerDelegate.swift in Sources */ = {isa = PBXBuildFile; fileRef = 4CC84D4C25E6FFAD00FD7949 /* NavigationControllerDelegate.swift */; };
/* End PBXBuildFile section */

/* Begin PBXFileReference section */
		4C17A46725BDE2E8006D45E0 /* GeekBrainsTestProject.app */ = {isa = PBXFileReference; explicitFileType = wrapper.application; includeInIndex = 0; path = GeekBrainsTestProject.app; sourceTree = BUILT_PRODUCTS_DIR; };
		4C17A46A25BDE2E8006D45E0 /* AppDelegate.swift */ = {isa = PBXFileReference; lastKnownFileType = sourcecode.swift; path = AppDelegate.swift; sourceTree = "<group>"; };
		4C17A46C25BDE2E8006D45E0 /* SceneDelegate.swift */ = {isa = PBXFileReference; lastKnownFileType = sourcecode.swift; path = SceneDelegate.swift; sourceTree = "<group>"; };
		4C17A46E25BDE2E8006D45E0 /* LoginViewController.swift */ = {isa = PBXFileReference; lastKnownFileType = sourcecode.swift; path = LoginViewController.swift; sourceTree = "<group>"; };
		4C17A47125BDE2E8006D45E0 /* Base */ = {isa = PBXFileReference; lastKnownFileType = file.storyboard; name = Base; path = Base.lproj/Main.storyboard; sourceTree = "<group>"; };
		4C17A47625BDE2E9006D45E0 /* Base */ = {isa = PBXFileReference; lastKnownFileType = file.storyboard; name = Base; path = Base.lproj/LaunchScreen.storyboard; sourceTree = "<group>"; };
		4C17A47825BDE2E9006D45E0 /* Info.plist */ = {isa = PBXFileReference; lastKnownFileType = text.plist.xml; path = Info.plist; sourceTree = "<group>"; };
		4C542A0325C60C3400CC8A4F /* FriendsTableViewController.swift */ = {isa = PBXFileReference; lastKnownFileType = sourcecode.swift; path = FriendsTableViewController.swift; sourceTree = "<group>"; };
		4C542A0625C60F3400CC8A4F /* GroupsTableViewController.swift */ = {isa = PBXFileReference; lastKnownFileType = sourcecode.swift; path = GroupsTableViewController.swift; sourceTree = "<group>"; };
		4C542A2125C64C6E00CC8A4F /* FriendTableViewCell.swift */ = {isa = PBXFileReference; lastKnownFileType = sourcecode.swift; path = FriendTableViewCell.swift; sourceTree = "<group>"; };
		4C542A2225C64C6E00CC8A4F /* FriendTableViewCell.xib */ = {isa = PBXFileReference; lastKnownFileType = file.xib; path = FriendTableViewCell.xib; sourceTree = "<group>"; };
		4C542A2625C65C9200CC8A4F /* FriendPhotoCollectionViewCell.swift */ = {isa = PBXFileReference; lastKnownFileType = sourcecode.swift; path = FriendPhotoCollectionViewCell.swift; sourceTree = "<group>"; };
		4C542A2725C65C9200CC8A4F /* FriendPhotoCollectionViewCell.xib */ = {isa = PBXFileReference; lastKnownFileType = file.xib; path = FriendPhotoCollectionViewCell.xib; sourceTree = "<group>"; };
		4C542A2B25C65DFC00CC8A4F /* PhotosCollectionViewController.swift */ = {isa = PBXFileReference; lastKnownFileType = sourcecode.swift; path = PhotosCollectionViewController.swift; sourceTree = "<group>"; };
		4C542A2E25C8A85200CC8A4F /* GroupTableViewCell.swift */ = {isa = PBXFileReference; lastKnownFileType = sourcecode.swift; path = GroupTableViewCell.swift; sourceTree = "<group>"; };
		4C542A2F25C8A85200CC8A4F /* GroupTableViewCell.xib */ = {isa = PBXFileReference; lastKnownFileType = file.xib; path = GroupTableViewCell.xib; sourceTree = "<group>"; };
		4C542A3525C8B42500CC8A4F /* GroupSearchTableViewController.swift */ = {isa = PBXFileReference; lastKnownFileType = sourcecode.swift; path = GroupSearchTableViewController.swift; sourceTree = "<group>"; };
		4C542A3925C8B5B400CC8A4F /* User.swift */ = {isa = PBXFileReference; lastKnownFileType = sourcecode.swift; path = User.swift; sourceTree = "<group>"; };
		4C542A3D25C8B5BE00CC8A4F /* Group.swift */ = {isa = PBXFileReference; lastKnownFileType = sourcecode.swift; path = Group.swift; sourceTree = "<group>"; };
		4C7B417F25DAB78800894D81 /* DM+UIColor.swift */ = {isa = PBXFileReference; lastKnownFileType = sourcecode.swift; path = "DM+UIColor.swift"; sourceTree = "<group>"; };
		4C7B418425DAC5C900894D81 /* UserFactory.swift */ = {isa = PBXFileReference; lastKnownFileType = sourcecode.swift; path = UserFactory.swift; sourceTree = "<group>"; };
		4C7B418825DAD01300894D81 /* DM+String.swift */ = {isa = PBXFileReference; lastKnownFileType = sourcecode.swift; path = "DM+String.swift"; sourceTree = "<group>"; };
		4C7B418B25DAE1D600894D81 /* DMSearchBar.swift */ = {isa = PBXFileReference; lastKnownFileType = sourcecode.swift; path = DMSearchBar.swift; sourceTree = "<group>"; };
		4C7B419525DC015200894D81 /* GroupFactory.swift */ = {isa = PBXFileReference; lastKnownFileType = sourcecode.swift; path = GroupFactory.swift; sourceTree = "<group>"; };
		4C7B419825DC06C600894D81 /* NewsFeedTableViewCell.swift */ = {isa = PBXFileReference; lastKnownFileType = sourcecode.swift; path = NewsFeedTableViewCell.swift; sourceTree = "<group>"; };
		4C7B419B25DC070100894D81 /* NewsFeedTableViewController.swift */ = {isa = PBXFileReference; lastKnownFileType = sourcecode.swift; path = NewsFeedTableViewController.swift; sourceTree = "<group>"; };
		4C7B41A425DC43E600894D81 /* Assets.xcassets */ = {isa = PBXFileReference; lastKnownFileType = folder.assetcatalog; path = Assets.xcassets; sourceTree = "<group>"; };
		4C7C086025E1CD6300FEAFAA /* FullScreenPhotoViewController.swift */ = {isa = PBXFileReference; lastKnownFileType = sourcecode.swift; path = FullScreenPhotoViewController.swift; sourceTree = "<group>"; };
		4C7C088725E1E82900FEAFAA /* DM+Arrays.swift */ = {isa = PBXFileReference; lastKnownFileType = sourcecode.swift; path = "DM+Arrays.swift"; sourceTree = "<group>"; };
		4C7C089125E2F93D00FEAFAA /* CloudLoadingView.swift */ = {isa = PBXFileReference; lastKnownFileType = sourcecode.swift; path = CloudLoadingView.swift; sourceTree = "<group>"; };
		4C936DB925CE15C30035DA46 /* RoundedView.swift */ = {isa = PBXFileReference; lastKnownFileType = sourcecode.swift; path = RoundedView.swift; sourceTree = "<group>"; };
		4C936DBE25CE37080035DA46 /* LikeCustomView.swift */ = {isa = PBXFileReference; lastKnownFileType = sourcecode.swift; path = LikeCustomView.swift; sourceTree = "<group>"; };
		4CB0AE7325E9B2FB00B5E144 /* CustomInteractiveTransition.swift */ = {isa = PBXFileReference; lastKnownFileType = sourcecode.swift; path = CustomInteractiveTransition.swift; sourceTree = "<group>"; };
		4CB0AE7625E9C19C00B5E144 /* DM+UIIMage.swift */ = {isa = PBXFileReference; lastKnownFileType = sourcecode.swift; path = "DM+UIIMage.swift"; sourceTree = "<group>"; };
		4CC84D3425E6CB8400FD7949 /* MyTransitionPresent.swift */ = {isa = PBXFileReference; lastKnownFileType = sourcecode.swift; path = MyTransitionPresent.swift; sourceTree = "<group>"; };
		4CC84D3925E6DAE100FD7949 /* MyTransitionDelegate.swift */ = {isa = PBXFileReference; lastKnownFileType = sourcecode.swift; path = MyTransitionDelegate.swift; sourceTree = "<group>"; };
		4CC84D3D25E6DC1C00FD7949 /* MyTransitionDIsmiss.swift */ = {isa = PBXFileReference; lastKnownFileType = sourcecode.swift; path = MyTransitionDIsmiss.swift; sourceTree = "<group>"; };
		4CC84D4125E6F92800FD7949 /* MyCustomSegue.swift */ = {isa = PBXFileReference; lastKnownFileType = sourcecode.swift; path = MyCustomSegue.swift; sourceTree = "<group>"; };
		4CC84D4625E6FF8300FD7949 /* NavigationTransitionPush.swift */ = {isa = PBXFileReference; lastKnownFileType = sourcecode.swift; path = NavigationTransitionPush.swift; sourceTree = "<group>"; };
		4CC84D4925E6FF9700FD7949 /* NavigationTransitionPop.swift */ = {isa = PBXFileReference; lastKnownFileType = sourcecode.swift; path = NavigationTransitionPop.swift; sourceTree = "<group>"; };
		4CC84D4C25E6FFAD00FD7949 /* NavigationControllerDelegate.swift */ = {isa = PBXFileReference; lastKnownFileType = sourcecode.swift; path = NavigationControllerDelegate.swift; sourceTree = "<group>"; };
/* End PBXFileReference section */

/* Begin PBXFrameworksBuildPhase section */
		4C17A46425BDE2E8006D45E0 /* Frameworks */ = {
			isa = PBXFrameworksBuildPhase;
			buildActionMask = 2147483647;
			files = (
			);
			runOnlyForDeploymentPostprocessing = 0;
		};
/* End PBXFrameworksBuildPhase section */

/* Begin PBXGroup section */
		4C17A45E25BDE2E8006D45E0 = {
			isa = PBXGroup;
			children = (
				4C17A46925BDE2E8006D45E0 /* GeekBrainsTestProject */,
				4C17A46825BDE2E8006D45E0 /* Products */,
			);
			sourceTree = "<group>";
		};
		4C17A46825BDE2E8006D45E0 /* Products */ = {
			isa = PBXGroup;
			children = (
				4C17A46725BDE2E8006D45E0 /* GeekBrainsTestProject.app */,
			);
			name = Products;
			sourceTree = "<group>";
		};
		4C17A46925BDE2E8006D45E0 /* GeekBrainsTestProject */ = {
			isa = PBXGroup;
			children = (
				4CC84D4425E6FDB600FD7949 /* NavigationTransitions */,
				4CC84D4025E6F91700FD7949 /* CustomSegues */,
				4CC84D3825E6DA9400FD7949 /* TransitionDelegates */,
				4CC84D3325E6CB4400FD7949 /* CustomTransitions */,
				4C7B41A425DC43E600894D81 /* Assets.xcassets */,
				4C7B418325DAC5BD00894D81 /* Factories */,
				4C7B417E25DAB77800894D81 /* Extensions */,
				4C936DAF25CE0FC70035DA46 /* CustomViews */,
				4C542A3825C8B57A00CC8A4F /* Models */,
				4C542A1A25C63C6E00CC8A4F /* Cells */,
				4C17A46A25BDE2E8006D45E0 /* AppDelegate.swift */,
				4C17A46C25BDE2E8006D45E0 /* SceneDelegate.swift */,
				4C17A46E25BDE2E8006D45E0 /* LoginViewController.swift */,
				4C17A47025BDE2E8006D45E0 /* Main.storyboard */,
				4C17A47525BDE2E9006D45E0 /* LaunchScreen.storyboard */,
				4C17A47825BDE2E9006D45E0 /* Info.plist */,
				4C542A0325C60C3400CC8A4F /* FriendsTableViewController.swift */,
				4C542A0625C60F3400CC8A4F /* GroupsTableViewController.swift */,
				4C542A2B25C65DFC00CC8A4F /* PhotosCollectionViewController.swift */,
				4C542A3525C8B42500CC8A4F /* GroupSearchTableViewController.swift */,
				4C7B419B25DC070100894D81 /* NewsFeedTableViewController.swift */,
				4C7C086025E1CD6300FEAFAA /* FullScreenPhotoViewController.swift */,
			);
			path = GeekBrainsTestProject;
			sourceTree = "<group>";
		};
		4C542A1A25C63C6E00CC8A4F /* Cells */ = {
			isa = PBXGroup;
			children = (
				4C542A2125C64C6E00CC8A4F /* FriendTableViewCell.swift */,
				4C542A2225C64C6E00CC8A4F /* FriendTableViewCell.xib */,
				4C542A2625C65C9200CC8A4F /* FriendPhotoCollectionViewCell.swift */,
				4C542A2725C65C9200CC8A4F /* FriendPhotoCollectionViewCell.xib */,
				4C542A2E25C8A85200CC8A4F /* GroupTableViewCell.swift */,
				4C542A2F25C8A85200CC8A4F /* GroupTableViewCell.xib */,
				4C7B419825DC06C600894D81 /* NewsFeedTableViewCell.swift */,
			);
			path = Cells;
			sourceTree = "<group>";
		};
		4C542A3825C8B57A00CC8A4F /* Models */ = {
			isa = PBXGroup;
			children = (
				4C542A3925C8B5B400CC8A4F /* User.swift */,
				4C542A3D25C8B5BE00CC8A4F /* Group.swift */,
			);
			path = Models;
			sourceTree = "<group>";
		};
		4C7B417E25DAB77800894D81 /* Extensions */ = {
			isa = PBXGroup;
			children = (
				4C7B417F25DAB78800894D81 /* DM+UIColor.swift */,
				4C7B418825DAD01300894D81 /* DM+String.swift */,
				4C7C088725E1E82900FEAFAA /* DM+Arrays.swift */,
				4CB0AE7625E9C19C00B5E144 /* DM+UIIMage.swift */,
			);
			path = Extensions;
			sourceTree = "<group>";
		};
		4C7B418325DAC5BD00894D81 /* Factories */ = {
			isa = PBXGroup;
			children = (
				4C7B418425DAC5C900894D81 /* UserFactory.swift */,
				4C7B419525DC015200894D81 /* GroupFactory.swift */,
			);
			path = Factories;
			sourceTree = "<group>";
		};
		4C936DAF25CE0FC70035DA46 /* CustomViews */ = {
			isa = PBXGroup;
			children = (
				4C936DB925CE15C30035DA46 /* RoundedView.swift */,
				4C936DBE25CE37080035DA46 /* LikeCustomView.swift */,
				4C7B418B25DAE1D600894D81 /* DMSearchBar.swift */,
				4C7C089125E2F93D00FEAFAA /* CloudLoadingView.swift */,
			);
			path = CustomViews;
			sourceTree = "<group>";
		};
		4CC84D3325E6CB4400FD7949 /* CustomTransitions */ = {
			isa = PBXGroup;
			children = (
				4CC84D3425E6CB8400FD7949 /* MyTransitionPresent.swift */,
				4CC84D3D25E6DC1C00FD7949 /* MyTransitionDIsmiss.swift */,
				4CB0AE7325E9B2FB00B5E144 /* CustomInteractiveTransition.swift */,
			);
			path = CustomTransitions;
			sourceTree = "<group>";
		};
		4CC84D3825E6DA9400FD7949 /* TransitionDelegates */ = {
			isa = PBXGroup;
			children = (
				4CC84D3925E6DAE100FD7949 /* MyTransitionDelegate.swift */,
			);
			path = TransitionDelegates;
			sourceTree = "<group>";
		};
		4CC84D4025E6F91700FD7949 /* CustomSegues */ = {
			isa = PBXGroup;
			children = (
				4CC84D4125E6F92800FD7949 /* MyCustomSegue.swift */,
			);
			path = CustomSegues;
			sourceTree = "<group>";
		};
		4CC84D4425E6FDB600FD7949 /* NavigationTransitions */ = {
			isa = PBXGroup;
			children = (
				4CC84D4625E6FF8300FD7949 /* NavigationTransitionPush.swift */,
				4CC84D4925E6FF9700FD7949 /* NavigationTransitionPop.swift */,
				4CC84D4C25E6FFAD00FD7949 /* NavigationControllerDelegate.swift */,
			);
			path = NavigationTransitions;
			sourceTree = "<group>";
		};
/* End PBXGroup section */

/* Begin PBXNativeTarget section */
		4C17A46625BDE2E8006D45E0 /* GeekBrainsTestProject */ = {
			isa = PBXNativeTarget;
			buildConfigurationList = 4C17A47B25BDE2E9006D45E0 /* Build configuration list for PBXNativeTarget "GeekBrainsTestProject" */;
			buildPhases = (
				4C17A46325BDE2E8006D45E0 /* Sources */,
				4C17A46425BDE2E8006D45E0 /* Frameworks */,
				4C17A46525BDE2E8006D45E0 /* Resources */,
			);
			buildRules = (
			);
			dependencies = (
			);
			name = GeekBrainsTestProject;
			productName = GeekBrainsTestProject;
			productReference = 4C17A46725BDE2E8006D45E0 /* GeekBrainsTestProject.app */;
			productType = "com.apple.product-type.application";
		};
/* End PBXNativeTarget section */

/* Begin PBXProject section */
		4C17A45F25BDE2E8006D45E0 /* Project object */ = {
			isa = PBXProject;
			attributes = {
				LastSwiftUpdateCheck = 1230;
				LastUpgradeCheck = 1230;
				TargetAttributes = {
					4C17A46625BDE2E8006D45E0 = {
						CreatedOnToolsVersion = 12.3;
					};
				};
			};
			buildConfigurationList = 4C17A46225BDE2E8006D45E0 /* Build configuration list for PBXProject "GeekBrainsTestProject" */;
			compatibilityVersion = "Xcode 9.3";
			developmentRegion = en;
			hasScannedForEncodings = 0;
			knownRegions = (
				en,
				Base,
			);
			mainGroup = 4C17A45E25BDE2E8006D45E0;
			productRefGroup = 4C17A46825BDE2E8006D45E0 /* Products */;
			projectDirPath = "";
			projectRoot = "";
			targets = (
				4C17A46625BDE2E8006D45E0 /* GeekBrainsTestProject */,
			);
		};
/* End PBXProject section */

/* Begin PBXResourcesBuildPhase section */
		4C17A46525BDE2E8006D45E0 /* Resources */ = {
			isa = PBXResourcesBuildPhase;
			buildActionMask = 2147483647;
			files = (
				4C17A47725BDE2E9006D45E0 /* LaunchScreen.storyboard in Resources */,
				4C542A3125C8A85200CC8A4F /* GroupTableViewCell.xib in Resources */,
				4C542A2925C65C9200CC8A4F /* FriendPhotoCollectionViewCell.xib in Resources */,
				4C17A47225BDE2E8006D45E0 /* Main.storyboard in Resources */,
				4C7B41A525DC43E600894D81 /* Assets.xcassets in Resources */,
				4C542A2425C64C6E00CC8A4F /* FriendTableViewCell.xib in Resources */,
			);
			runOnlyForDeploymentPostprocessing = 0;
		};
/* End PBXResourcesBuildPhase section */

/* Begin PBXSourcesBuildPhase section */
		4C17A46325BDE2E8006D45E0 /* Sources */ = {
			isa = PBXSourcesBuildPhase;
			buildActionMask = 2147483647;
			files = (
				4CB0AE7425E9B2FB00B5E144 /* CustomInteractiveTransition.swift in Sources */,
				4C542A3025C8A85200CC8A4F /* GroupTableViewCell.swift in Sources */,
				4C7B419625DC015200894D81 /* GroupFactory.swift in Sources */,
				4C17A46F25BDE2E8006D45E0 /* LoginViewController.swift in Sources */,
				4C542A0725C60F3400CC8A4F /* GroupsTableViewController.swift in Sources */,
				4C7B418525DAC5C900894D81 /* UserFactory.swift in Sources */,
				4CC84D4725E6FF8300FD7949 /* NavigationTransitionPush.swift in Sources */,
				4C542A3E25C8B5BE00CC8A4F /* Group.swift in Sources */,
				4C542A2825C65C9200CC8A4F /* FriendPhotoCollectionViewCell.swift in Sources */,
				4C936DBA25CE15C30035DA46 /* RoundedView.swift in Sources */,
				4CC84D3525E6CB8400FD7949 /* MyTransitionPresent.swift in Sources */,
				4C7B418025DAB78800894D81 /* DM+UIColor.swift in Sources */,
				4C17A46B25BDE2E8006D45E0 /* AppDelegate.swift in Sources */,
				4CB0AE7725E9C19C00B5E144 /* DM+UIIMage.swift in Sources */,
				4C542A2325C64C6E00CC8A4F /* FriendTableViewCell.swift in Sources */,
				4C7B418925DAD01300894D81 /* DM+String.swift in Sources */,
				4C542A0425C60C3400CC8A4F /* FriendsTableViewController.swift in Sources */,
				4C7B418C25DAE1D600894D81 /* DMSearchBar.swift in Sources */,
				4CC84D3A25E6DAE100FD7949 /* MyTransitionDelegate.swift in Sources */,
				4C17A46D25BDE2E8006D45E0 /* SceneDelegate.swift in Sources */,
				4C542A2C25C65DFC00CC8A4F /* PhotosCollectionViewController.swift in Sources */,
				4C7C086125E1CD6300FEAFAA /* FullScreenPhotoViewController.swift in Sources */,
				4C7C089225E2F93D00FEAFAA /* CloudLoadingView.swift in Sources */,
				4CC84D4225E6F92800FD7949 /* MyCustomSegue.swift in Sources */,
				4C7B419C25DC070100894D81 /* NewsFeedTableViewController.swift in Sources */,
				4C542A3625C8B42500CC8A4F /* GroupSearchTableViewController.swift in Sources */,
				4CC84D4A25E6FF9700FD7949 /* NavigationTransitionPop.swift in Sources */,
				4C936DBF25CE37080035DA46 /* LikeCustomView.swift in Sources */,
				4CC84D4D25E6FFAD00FD7949 /* NavigationControllerDelegate.swift in Sources */,
				4C7B419925DC06C600894D81 /* NewsFeedTableViewCell.swift in Sources */,
				4C7C088825E1E82900FEAFAA /* DM+Arrays.swift in Sources */,
				4C542A3A25C8B5B400CC8A4F /* User.swift in Sources */,
				4CC84D3E25E6DC1C00FD7949 /* MyTransitionDIsmiss.swift in Sources */,
			);
			runOnlyForDeploymentPostprocessing = 0;
		};
/* End PBXSourcesBuildPhase section */

/* Begin PBXVariantGroup section */
		4C17A47025BDE2E8006D45E0 /* Main.storyboard */ = {
			isa = PBXVariantGroup;
			children = (
				4C17A47125BDE2E8006D45E0 /* Base */,
			);
			name = Main.storyboard;
			sourceTree = "<group>";
		};
		4C17A47525BDE2E9006D45E0 /* LaunchScreen.storyboard */ = {
			isa = PBXVariantGroup;
			children = (
				4C17A47625BDE2E9006D45E0 /* Base */,
			);
			name = LaunchScreen.storyboard;
			sourceTree = "<group>";
		};
/* End PBXVariantGroup section */

/* Begin XCBuildConfiguration section */
		4C17A47925BDE2E9006D45E0 /* Debug */ = {
			isa = XCBuildConfiguration;
			buildSettings = {
				ALWAYS_SEARCH_USER_PATHS = NO;
				CLANG_ANALYZER_NONNULL = YES;
				CLANG_ANALYZER_NUMBER_OBJECT_CONVERSION = YES_AGGRESSIVE;
				CLANG_CXX_LANGUAGE_STANDARD = "gnu++14";
				CLANG_CXX_LIBRARY = "libc++";
				CLANG_ENABLE_MODULES = YES;
				CLANG_ENABLE_OBJC_ARC = YES;
				CLANG_ENABLE_OBJC_WEAK = YES;
				CLANG_WARN_BLOCK_CAPTURE_AUTORELEASING = YES;
				CLANG_WARN_BOOL_CONVERSION = YES;
				CLANG_WARN_COMMA = YES;
				CLANG_WARN_CONSTANT_CONVERSION = YES;
				CLANG_WARN_DEPRECATED_OBJC_IMPLEMENTATIONS = YES;
				CLANG_WARN_DIRECT_OBJC_ISA_USAGE = YES_ERROR;
				CLANG_WARN_DOCUMENTATION_COMMENTS = YES;
				CLANG_WARN_EMPTY_BODY = YES;
				CLANG_WARN_ENUM_CONVERSION = YES;
				CLANG_WARN_INFINITE_RECURSION = YES;
				CLANG_WARN_INT_CONVERSION = YES;
				CLANG_WARN_NON_LITERAL_NULL_CONVERSION = YES;
				CLANG_WARN_OBJC_IMPLICIT_RETAIN_SELF = YES;
				CLANG_WARN_OBJC_LITERAL_CONVERSION = YES;
				CLANG_WARN_OBJC_ROOT_CLASS = YES_ERROR;
				CLANG_WARN_QUOTED_INCLUDE_IN_FRAMEWORK_HEADER = YES;
				CLANG_WARN_RANGE_LOOP_ANALYSIS = YES;
				CLANG_WARN_STRICT_PROTOTYPES = YES;
				CLANG_WARN_SUSPICIOUS_MOVE = YES;
				CLANG_WARN_UNGUARDED_AVAILABILITY = YES_AGGRESSIVE;
				CLANG_WARN_UNREACHABLE_CODE = YES;
				CLANG_WARN__DUPLICATE_METHOD_MATCH = YES;
				COPY_PHASE_STRIP = NO;
				DEBUG_INFORMATION_FORMAT = dwarf;
				ENABLE_STRICT_OBJC_MSGSEND = YES;
				ENABLE_TESTABILITY = YES;
				GCC_C_LANGUAGE_STANDARD = gnu11;
				GCC_DYNAMIC_NO_PIC = NO;
				GCC_NO_COMMON_BLOCKS = YES;
				GCC_OPTIMIZATION_LEVEL = 0;
				GCC_PREPROCESSOR_DEFINITIONS = (
					"DEBUG=1",
					"$(inherited)",
				);
				GCC_WARN_64_TO_32_BIT_CONVERSION = YES;
				GCC_WARN_ABOUT_RETURN_TYPE = YES_ERROR;
				GCC_WARN_UNDECLARED_SELECTOR = YES;
				GCC_WARN_UNINITIALIZED_AUTOS = YES_AGGRESSIVE;
				GCC_WARN_UNUSED_FUNCTION = YES;
				GCC_WARN_UNUSED_VARIABLE = YES;
				IPHONEOS_DEPLOYMENT_TARGET = 14.3;
				MTL_ENABLE_DEBUG_INFO = INCLUDE_SOURCE;
				MTL_FAST_MATH = YES;
				ONLY_ACTIVE_ARCH = YES;
				SDKROOT = iphoneos;
				SWIFT_ACTIVE_COMPILATION_CONDITIONS = DEBUG;
				SWIFT_OPTIMIZATION_LEVEL = "-Onone";
			};
			name = Debug;
		};
		4C17A47A25BDE2E9006D45E0 /* Release */ = {
			isa = XCBuildConfiguration;
			buildSettings = {
				ALWAYS_SEARCH_USER_PATHS = NO;
				CLANG_ANALYZER_NONNULL = YES;
				CLANG_ANALYZER_NUMBER_OBJECT_CONVERSION = YES_AGGRESSIVE;
				CLANG_CXX_LANGUAGE_STANDARD = "gnu++14";
				CLANG_CXX_LIBRARY = "libc++";
				CLANG_ENABLE_MODULES = YES;
				CLANG_ENABLE_OBJC_ARC = YES;
				CLANG_ENABLE_OBJC_WEAK = YES;
				CLANG_WARN_BLOCK_CAPTURE_AUTORELEASING = YES;
				CLANG_WARN_BOOL_CONVERSION = YES;
				CLANG_WARN_COMMA = YES;
				CLANG_WARN_CONSTANT_CONVERSION = YES;
				CLANG_WARN_DEPRECATED_OBJC_IMPLEMENTATIONS = YES;
				CLANG_WARN_DIRECT_OBJC_ISA_USAGE = YES_ERROR;
				CLANG_WARN_DOCUMENTATION_COMMENTS = YES;
				CLANG_WARN_EMPTY_BODY = YES;
				CLANG_WARN_ENUM_CONVERSION = YES;
				CLANG_WARN_INFINITE_RECURSION = YES;
				CLANG_WARN_INT_CONVERSION = YES;
				CLANG_WARN_NON_LITERAL_NULL_CONVERSION = YES;
				CLANG_WARN_OBJC_IMPLICIT_RETAIN_SELF = YES;
				CLANG_WARN_OBJC_LITERAL_CONVERSION = YES;
				CLANG_WARN_OBJC_ROOT_CLASS = YES_ERROR;
				CLANG_WARN_QUOTED_INCLUDE_IN_FRAMEWORK_HEADER = YES;
				CLANG_WARN_RANGE_LOOP_ANALYSIS = YES;
				CLANG_WARN_STRICT_PROTOTYPES = YES;
				CLANG_WARN_SUSPICIOUS_MOVE = YES;
				CLANG_WARN_UNGUARDED_AVAILABILITY = YES_AGGRESSIVE;
				CLANG_WARN_UNREACHABLE_CODE = YES;
				CLANG_WARN__DUPLICATE_METHOD_MATCH = YES;
				COPY_PHASE_STRIP = NO;
				DEBUG_INFORMATION_FORMAT = "dwarf-with-dsym";
				ENABLE_NS_ASSERTIONS = NO;
				ENABLE_STRICT_OBJC_MSGSEND = YES;
				GCC_C_LANGUAGE_STANDARD = gnu11;
				GCC_NO_COMMON_BLOCKS = YES;
				GCC_WARN_64_TO_32_BIT_CONVERSION = YES;
				GCC_WARN_ABOUT_RETURN_TYPE = YES_ERROR;
				GCC_WARN_UNDECLARED_SELECTOR = YES;
				GCC_WARN_UNINITIALIZED_AUTOS = YES_AGGRESSIVE;
				GCC_WARN_UNUSED_FUNCTION = YES;
				GCC_WARN_UNUSED_VARIABLE = YES;
				IPHONEOS_DEPLOYMENT_TARGET = 14.3;
				MTL_ENABLE_DEBUG_INFO = NO;
				MTL_FAST_MATH = YES;
				SDKROOT = iphoneos;
				SWIFT_COMPILATION_MODE = wholemodule;
				SWIFT_OPTIMIZATION_LEVEL = "-O";
				VALIDATE_PRODUCT = YES;
			};
			name = Release;
		};
		4C17A47C25BDE2E9006D45E0 /* Debug */ = {
			isa = XCBuildConfiguration;
			buildSettings = {
				ASSETCATALOG_COMPILER_GLOBAL_ACCENT_COLOR_NAME = AccentColor;
				CODE_SIGN_STYLE = Automatic;
				DEVELOPMENT_TEAM = L9HFNV2AWC;
				INFOPLIST_FILE = GeekBrainsTestProject/Info.plist;
				LD_RUNPATH_SEARCH_PATHS = (
					"$(inherited)",
					"@executable_path/Frameworks",
				);
				PRODUCT_BUNDLE_IDENTIFIER = com.denismordvinov.geekBrainsTest;
				PRODUCT_NAME = "$(TARGET_NAME)";
				SWIFT_VERSION = 5.0;
				TARGETED_DEVICE_FAMILY = "1,2";
			};
			name = Debug;
		};
		4C17A47D25BDE2E9006D45E0 /* Release */ = {
			isa = XCBuildConfiguration;
			buildSettings = {
				ASSETCATALOG_COMPILER_GLOBAL_ACCENT_COLOR_NAME = AccentColor;
				CODE_SIGN_STYLE = Automatic;
				DEVELOPMENT_TEAM = L9HFNV2AWC;
				INFOPLIST_FILE = GeekBrainsTestProject/Info.plist;
				LD_RUNPATH_SEARCH_PATHS = (
					"$(inherited)",
					"@executable_path/Frameworks",
				);
				PRODUCT_BUNDLE_IDENTIFIER = com.denismordvinov.geekBrainsTest;
				PRODUCT_NAME = "$(TARGET_NAME)";
				SWIFT_VERSION = 5.0;
				TARGETED_DEVICE_FAMILY = "1,2";
			};
			name = Release;
		};
/* End XCBuildConfiguration section */

/* Begin XCConfigurationList section */
		4C17A46225BDE2E8006D45E0 /* Build configuration list for PBXProject "GeekBrainsTestProject" */ = {
			isa = XCConfigurationList;
			buildConfigurations = (
				4C17A47925BDE2E9006D45E0 /* Debug */,
				4C17A47A25BDE2E9006D45E0 /* Release */,
			);
			defaultConfigurationIsVisible = 0;
			defaultConfigurationName = Release;
		};
		4C17A47B25BDE2E9006D45E0 /* Build configuration list for PBXNativeTarget "GeekBrainsTestProject" */ = {
			isa = XCConfigurationList;
			buildConfigurations = (
				4C17A47C25BDE2E9006D45E0 /* Debug */,
				4C17A47D25BDE2E9006D45E0 /* Release */,
			);
			defaultConfigurationIsVisible = 0;
			defaultConfigurationName = Release;
		};
/* End XCConfigurationList section */
	};
	rootObject = 4C17A45F25BDE2E8006D45E0 /* Project object */;
}
